// !$*UTF8*$!
{
	archiveVersion = 1;
	classes = {
	};
	objectVersion = 56;
	objects = {

/* Begin PBXBuildFile section */
		F0037D102A3ABF9C00FC2268 /* EssentialFeed.docc in Sources */ = {isa = PBXBuildFile; fileRef = F0037D0F2A3ABF9C00FC2268 /* EssentialFeed.docc */; };
		F0037D162A3ABF9C00FC2268 /* EssentialFeed.framework in Frameworks */ = {isa = PBXBuildFile; fileRef = F0037D0B2A3ABF9C00FC2268 /* EssentialFeed.framework */; };
		F0037D1C2A3ABF9C00FC2268 /* EssentialFeed.h in Headers */ = {isa = PBXBuildFile; fileRef = F0037D0E2A3ABF9C00FC2268 /* EssentialFeed.h */; settings = {ATTRIBUTES = (Public, ); }; };
		F0037D262A3ABFC900FC2268 /* FeedImage.swift in Sources */ = {isa = PBXBuildFile; fileRef = F0037D252A3ABFC900FC2268 /* FeedImage.swift */; };
		F0037D282A3AC05700FC2268 /* FeedLoader.swift in Sources */ = {isa = PBXBuildFile; fileRef = F0037D272A3AC05700FC2268 /* FeedLoader.swift */; };
		F0037D2D2A3AC43B00FC2268 /* LoadFeedFromRemoteUseCaseTests.swift in Sources */ = {isa = PBXBuildFile; fileRef = F0037D2C2A3AC43B00FC2268 /* LoadFeedFromRemoteUseCaseTests.swift */; };
		F01084872A56E6A5005CF803 /* CacheFeedUseCase.swift in Sources */ = {isa = PBXBuildFile; fileRef = F01084862A56E6A5005CF803 /* CacheFeedUseCase.swift */; };
		F01585FA2A9479F500C16172 /* EssentialFeediOS.docc in Sources */ = {isa = PBXBuildFile; fileRef = F01585F92A9479F500C16172 /* EssentialFeediOS.docc */; };
		F01586002A9479F600C16172 /* EssentialFeediOS.framework in Frameworks */ = {isa = PBXBuildFile; fileRef = F01585F62A9479F400C16172 /* EssentialFeediOS.framework */; };
		F015862E2A94DC3E00C16172 /* FeedViewControllerTests.swift in Sources */ = {isa = PBXBuildFile; fileRef = F015862D2A94DC3E00C16172 /* FeedViewControllerTests.swift */; };
		F01586302A94DF0800C16172 /* EssentialFeed.framework in Frameworks */ = {isa = PBXBuildFile; fileRef = F0037D0B2A3ABF9C00FC2268 /* EssentialFeed.framework */; platformFilter = ios; };
		F01586312A94DF0800C16172 /* EssentialFeed.framework in Embed Frameworks */ = {isa = PBXBuildFile; fileRef = F0037D0B2A3ABF9C00FC2268 /* EssentialFeed.framework */; platformFilter = ios; settings = {ATTRIBUTES = (CodeSignOnCopy, RemoveHeadersOnCopy, ); }; };
		F01586352A94EC8900C16172 /* XCTestCase+MemoryLeakTracking.swift in Sources */ = {isa = PBXBuildFile; fileRef = F0227F762A49D08B0020E932 /* XCTestCase+MemoryLeakTracking.swift */; };
		F01586372A95034B00C16172 /* FeedViewController.swift in Sources */ = {isa = PBXBuildFile; fileRef = F01586362A95034B00C16172 /* FeedViewController.swift */; };
		F017E7A22A43665B00644EA4 /* HTTPClient.swift in Sources */ = {isa = PBXBuildFile; fileRef = F017E7A12A43665B00644EA4 /* HTTPClient.swift */; };
		F017E7A52A43669800644EA4 /* FeedItemsMapper.swift in Sources */ = {isa = PBXBuildFile; fileRef = F017E7A42A43669800644EA4 /* FeedItemsMapper.swift */; };
		F0227F772A49D08B0020E932 /* XCTestCase+MemoryLeakTracking.swift in Sources */ = {isa = PBXBuildFile; fileRef = F0227F762A49D08B0020E932 /* XCTestCase+MemoryLeakTracking.swift */; };
		F0227F792A49E3E20020E932 /* URLSessionHTTPClient.swift in Sources */ = {isa = PBXBuildFile; fileRef = F0227F782A49E3E20020E932 /* URLSessionHTTPClient.swift */; };
		F02530452A46A8B800D2D624 /* URLSessionHTTPClientTests.swift in Sources */ = {isa = PBXBuildFile; fileRef = F02530442A46A8B800D2D624 /* URLSessionHTTPClientTests.swift */; };
		F02534442A8F38AC0065ECB3 /* EssentialFeedCacheIntegrationTests.swift in Sources */ = {isa = PBXBuildFile; fileRef = F02534432A8F38AC0065ECB3 /* EssentialFeedCacheIntegrationTests.swift */; };
		F02534452A8F38AC0065ECB3 /* EssentialFeed.framework in Frameworks */ = {isa = PBXBuildFile; fileRef = F0037D0B2A3ABF9C00FC2268 /* EssentialFeed.framework */; };
		F025344C2A8F3F030065ECB3 /* XCTestCase+MemoryLeakTracking.swift in Sources */ = {isa = PBXBuildFile; fileRef = F0227F762A49D08B0020E932 /* XCTestCase+MemoryLeakTracking.swift */; };
		F025344D2A8F52F40065ECB3 /* SharedTestHelpers.swift in Sources */ = {isa = PBXBuildFile; fileRef = F05B88102A67A98600EFBC6C /* SharedTestHelpers.swift */; };
		F025344E2A8F53000065ECB3 /* FeedCacheTestsHelpers.swift in Sources */ = {isa = PBXBuildFile; fileRef = F05B880E2A67A8B500EFBC6C /* FeedCacheTestsHelpers.swift */; };
		F026C4692A3C8AE80052E736 /* RemoteFeedLoader.swift in Sources */ = {isa = PBXBuildFile; fileRef = F026C4682A3C8AE80052E736 /* RemoteFeedLoader.swift */; };
		F0356FB92A582FD800E01113 /* LocalFeedLoader.swift in Sources */ = {isa = PBXBuildFile; fileRef = F0356FB82A582FD800E01113 /* LocalFeedLoader.swift */; };
		F0356FBB2A58314A00E01113 /* FeedStore.swift in Sources */ = {isa = PBXBuildFile; fileRef = F0356FBA2A58314A00E01113 /* FeedStore.swift */; };
		F03CA0622A7E5DC5005611C3 /* XCTestCase+FeedStoreSpec.swift in Sources */ = {isa = PBXBuildFile; fileRef = F03CA0612A7E5DC5005611C3 /* XCTestCase+FeedStoreSpec.swift */; };
		F04935992A82A4B000253238 /* FeedStore.xcdatamodeld in Sources */ = {isa = PBXBuildFile; fileRef = F04935972A82A4B000253238 /* FeedStore.xcdatamodeld */; };
		F04F9FF32A7E5C2F00158909 /* FeedStoreSpecs.swift in Sources */ = {isa = PBXBuildFile; fileRef = F04F9FF22A7E5C2F00158909 /* FeedStoreSpecs.swift */; };
		F05B880F2A67A8B500EFBC6C /* FeedCacheTestsHelpers.swift in Sources */ = {isa = PBXBuildFile; fileRef = F05B880E2A67A8B500EFBC6C /* FeedCacheTestsHelpers.swift */; };
		F05B88112A67A98600EFBC6C /* SharedTestHelpers.swift in Sources */ = {isa = PBXBuildFile; fileRef = F05B88102A67A98600EFBC6C /* SharedTestHelpers.swift */; };
		F06AB82E2A82A02C00BC6599 /* CoreDataFeedStoreTests.swift in Sources */ = {isa = PBXBuildFile; fileRef = F06AB82D2A82A02C00BC6599 /* CoreDataFeedStoreTests.swift */; };
		F06AB8302A82A18F00BC6599 /* CoreDataFeedStore.swift in Sources */ = {isa = PBXBuildFile; fileRef = F06AB82F2A82A18F00BC6599 /* CoreDataFeedStore.swift */; };
		F07744CB2A4C552800991C0F /* EssentialFeedAPIEndToEndTests.swift in Sources */ = {isa = PBXBuildFile; fileRef = F07744CA2A4C552800991C0F /* EssentialFeedAPIEndToEndTests.swift */; };
		F07744CC2A4C552800991C0F /* EssentialFeed.framework in Frameworks */ = {isa = PBXBuildFile; fileRef = F0037D0B2A3ABF9C00FC2268 /* EssentialFeed.framework */; };
		F07744D22A4C64FF00991C0F /* XCTestCase+MemoryLeakTracking.swift in Sources */ = {isa = PBXBuildFile; fileRef = F0227F762A49D08B0020E932 /* XCTestCase+MemoryLeakTracking.swift */; };
		F088AFCC2A7E5AA100F0BF95 /* CodableFeedStoreTests.swift in Sources */ = {isa = PBXBuildFile; fileRef = F088AFCB2A7E5AA100F0BF95 /* CodableFeedStoreTests.swift */; };
		F08A90DE2A67A50600BB3874 /* ValidateFeedCacheUseCaseTests.swift in Sources */ = {isa = PBXBuildFile; fileRef = F08A90DD2A67A50600BB3874 /* ValidateFeedCacheUseCaseTests.swift */; };
		F0A63B982A7E62FD009B7B09 /* XCTestCase+FailableInsertFeedStoreSpecs.swift in Sources */ = {isa = PBXBuildFile; fileRef = F0A63B972A7E62FD009B7B09 /* XCTestCase+FailableInsertFeedStoreSpecs.swift */; };
		F0A63B9A2A7E6339009B7B09 /* XCTestCase+FailableDeleteFeedStoreSpecs.swift in Sources */ = {isa = PBXBuildFile; fileRef = F0A63B992A7E6339009B7B09 /* XCTestCase+FailableDeleteFeedStoreSpecs.swift */; };
		F0C4A37A2A7E17D300E2AB57 /* CodableFeedStore.swift in Sources */ = {isa = PBXBuildFile; fileRef = F0C4A3792A7E17D300E2AB57 /* CodableFeedStore.swift */; };
		F0CD200D2A77D64C00B931D9 /* FeedCachePolicy.swift in Sources */ = {isa = PBXBuildFile; fileRef = F0CD200C2A77D64C00B931D9 /* FeedCachePolicy.swift */; };
		F0E72F752A8D0BF00095610D /* CoreDataHelpers.swift in Sources */ = {isa = PBXBuildFile; fileRef = F0E72F742A8D0BF00095610D /* CoreDataHelpers.swift */; };
		F0E72F772A8D0CDD0095610D /* ManagedCache.swift in Sources */ = {isa = PBXBuildFile; fileRef = F0E72F762A8D0CDD0095610D /* ManagedCache.swift */; };
		F0E72F792A8D0CFB0095610D /* ManagedFeedImage.swift in Sources */ = {isa = PBXBuildFile; fileRef = F0E72F782A8D0CFB0095610D /* ManagedFeedImage.swift */; };
		F0EB21842A6569F4004D0D8D /* RemoteFeedItem.swift in Sources */ = {isa = PBXBuildFile; fileRef = F0EB21832A6569F4004D0D8D /* RemoteFeedItem.swift */; };
		F0EB21862A656A3E004D0D8D /* LocalFeedImage.swift in Sources */ = {isa = PBXBuildFile; fileRef = F0EB21852A656A3E004D0D8D /* LocalFeedImage.swift */; };
		F0EB21882A657949004D0D8D /* LoadFeedFromCacheUseCaseTests.swift in Sources */ = {isa = PBXBuildFile; fileRef = F0EB21872A657949004D0D8D /* LoadFeedFromCacheUseCaseTests.swift */; };
		F0EB218B2A657A6B004D0D8D /* FeedStoreSpy.swift in Sources */ = {isa = PBXBuildFile; fileRef = F0EB218A2A657A6B004D0D8D /* FeedStoreSpy.swift */; };
		F0F2FD212A7E62AA006ED44C /* XCTestCase+FailableRetrieveFeedStoreSpecs.swift in Sources */ = {isa = PBXBuildFile; fileRef = F0F2FD202A7E62AA006ED44C /* XCTestCase+FailableRetrieveFeedStoreSpecs.swift */; };
/* End PBXBuildFile section */

/* Begin PBXContainerItemProxy section */
		F0037D172A3ABF9C00FC2268 /* PBXContainerItemProxy */ = {
			isa = PBXContainerItemProxy;
			containerPortal = F0037D022A3ABF9B00FC2268 /* Project object */;
			proxyType = 1;
			remoteGlobalIDString = F0037D0A2A3ABF9C00FC2268;
			remoteInfo = EssentialFeed;
		};
		F01586012A9479F600C16172 /* PBXContainerItemProxy */ = {
			isa = PBXContainerItemProxy;
			containerPortal = F0037D022A3ABF9B00FC2268 /* Project object */;
			proxyType = 1;
			remoteGlobalIDString = F01585F52A9479F400C16172;
			remoteInfo = EssentialFeediOS;
		};
		F01586322A94DF0800C16172 /* PBXContainerItemProxy */ = {
			isa = PBXContainerItemProxy;
			containerPortal = F0037D022A3ABF9B00FC2268 /* Project object */;
			proxyType = 1;
			remoteGlobalIDString = F0037D0A2A3ABF9C00FC2268;
			remoteInfo = EssentialFeed;
		};
		F02534462A8F38AC0065ECB3 /* PBXContainerItemProxy */ = {
			isa = PBXContainerItemProxy;
			containerPortal = F0037D022A3ABF9B00FC2268 /* Project object */;
			proxyType = 1;
			remoteGlobalIDString = F0037D0A2A3ABF9C00FC2268;
			remoteInfo = EssentialFeed;
		};
		F02E99FD2A93BE0D008529AC /* PBXContainerItemProxy */ = {
			isa = PBXContainerItemProxy;
			containerPortal = F02E99F92A93BE0C008529AC /* Prototype.xcodeproj */;
			proxyType = 2;
			remoteGlobalIDString = F02E99E22A93BE0B008529AC;
			remoteInfo = Prototype;
		};
		F07744CD2A4C552800991C0F /* PBXContainerItemProxy */ = {
			isa = PBXContainerItemProxy;
			containerPortal = F0037D022A3ABF9B00FC2268 /* Project object */;
			proxyType = 1;
			remoteGlobalIDString = F0037D0A2A3ABF9C00FC2268;
			remoteInfo = EssentialFeed;
		};
/* End PBXContainerItemProxy section */

/* Begin PBXCopyFilesBuildPhase section */
		F01586342A94DF0800C16172 /* Embed Frameworks */ = {
			isa = PBXCopyFilesBuildPhase;
			buildActionMask = 2147483647;
			dstPath = "";
			dstSubfolderSpec = 10;
			files = (
				F01586312A94DF0800C16172 /* EssentialFeed.framework in Embed Frameworks */,
			);
			name = "Embed Frameworks";
			runOnlyForDeploymentPostprocessing = 0;
		};
/* End PBXCopyFilesBuildPhase section */

/* Begin PBXFileReference section */
		F0037D0B2A3ABF9C00FC2268 /* EssentialFeed.framework */ = {isa = PBXFileReference; explicitFileType = wrapper.framework; includeInIndex = 0; path = EssentialFeed.framework; sourceTree = BUILT_PRODUCTS_DIR; };
		F0037D0E2A3ABF9C00FC2268 /* EssentialFeed.h */ = {isa = PBXFileReference; lastKnownFileType = sourcecode.c.h; path = EssentialFeed.h; sourceTree = "<group>"; };
		F0037D0F2A3ABF9C00FC2268 /* EssentialFeed.docc */ = {isa = PBXFileReference; lastKnownFileType = folder.documentationcatalog; path = EssentialFeed.docc; sourceTree = "<group>"; };
		F0037D152A3ABF9C00FC2268 /* EssentialFeedTests.xctest */ = {isa = PBXFileReference; explicitFileType = wrapper.cfbundle; includeInIndex = 0; path = EssentialFeedTests.xctest; sourceTree = BUILT_PRODUCTS_DIR; };
		F0037D252A3ABFC900FC2268 /* FeedImage.swift */ = {isa = PBXFileReference; lastKnownFileType = sourcecode.swift; path = FeedImage.swift; sourceTree = "<group>"; };
		F0037D272A3AC05700FC2268 /* FeedLoader.swift */ = {isa = PBXFileReference; lastKnownFileType = sourcecode.swift; path = FeedLoader.swift; sourceTree = "<group>"; };
		F0037D2C2A3AC43B00FC2268 /* LoadFeedFromRemoteUseCaseTests.swift */ = {isa = PBXFileReference; lastKnownFileType = sourcecode.swift; path = LoadFeedFromRemoteUseCaseTests.swift; sourceTree = "<group>"; };
		F01084862A56E6A5005CF803 /* CacheFeedUseCase.swift */ = {isa = PBXFileReference; lastKnownFileType = sourcecode.swift; path = CacheFeedUseCase.swift; sourceTree = "<group>"; };
		F01585EF2A9476E000C16172 /* EssentialFeedAPIEndToEndTests.xctestplan */ = {isa = PBXFileReference; lastKnownFileType = text; path = EssentialFeedAPIEndToEndTests.xctestplan; sourceTree = "<group>"; };
		F01585F02A94782800C16172 /* EssentialFeedCacheIntegrationTests.xctestplan */ = {isa = PBXFileReference; lastKnownFileType = text; path = EssentialFeedCacheIntegrationTests.xctestplan; sourceTree = "<group>"; };
		F01585F62A9479F400C16172 /* EssentialFeediOS.framework */ = {isa = PBXFileReference; explicitFileType = wrapper.framework; includeInIndex = 0; path = EssentialFeediOS.framework; sourceTree = BUILT_PRODUCTS_DIR; };
		F01585F92A9479F500C16172 /* EssentialFeediOS.docc */ = {isa = PBXFileReference; lastKnownFileType = folder.documentationcatalog; path = EssentialFeediOS.docc; sourceTree = "<group>"; };
		F01585FF2A9479F500C16172 /* EssentialFeediOSTests.xctest */ = {isa = PBXFileReference; explicitFileType = wrapper.cfbundle; includeInIndex = 0; path = EssentialFeediOSTests.xctest; sourceTree = BUILT_PRODUCTS_DIR; };
		F015860D2A947AE400C16172 /* EssentialFeediOS.xctestplan */ = {isa = PBXFileReference; lastKnownFileType = text; path = EssentialFeediOS.xctestplan; sourceTree = "<group>"; };
		F015860E2A948B0300C16172 /* CI_iOS.xctestplan */ = {isa = PBXFileReference; lastKnownFileType = text; path = CI_iOS.xctestplan; sourceTree = "<group>"; };
		F015862D2A94DC3E00C16172 /* FeedViewControllerTests.swift */ = {isa = PBXFileReference; lastKnownFileType = sourcecode.swift; path = FeedViewControllerTests.swift; sourceTree = "<group>"; };
		F01586362A95034B00C16172 /* FeedViewController.swift */ = {isa = PBXFileReference; lastKnownFileType = sourcecode.swift; path = FeedViewController.swift; sourceTree = "<group>"; };
		F017E7A12A43665B00644EA4 /* HTTPClient.swift */ = {isa = PBXFileReference; lastKnownFileType = sourcecode.swift; path = HTTPClient.swift; sourceTree = "<group>"; };
		F017E7A42A43669800644EA4 /* FeedItemsMapper.swift */ = {isa = PBXFileReference; lastKnownFileType = sourcecode.swift; path = FeedItemsMapper.swift; sourceTree = "<group>"; };
		F0227F762A49D08B0020E932 /* XCTestCase+MemoryLeakTracking.swift */ = {isa = PBXFileReference; lastKnownFileType = sourcecode.swift; path = "XCTestCase+MemoryLeakTracking.swift"; sourceTree = "<group>"; };
		F0227F782A49E3E20020E932 /* URLSessionHTTPClient.swift */ = {isa = PBXFileReference; lastKnownFileType = sourcecode.swift; path = URLSessionHTTPClient.swift; sourceTree = "<group>"; };
		F02530442A46A8B800D2D624 /* URLSessionHTTPClientTests.swift */ = {isa = PBXFileReference; lastKnownFileType = sourcecode.swift; path = URLSessionHTTPClientTests.swift; sourceTree = "<group>"; };
		F02534412A8F38AC0065ECB3 /* EssentialFeedCacheIntegrationTests.xctest */ = {isa = PBXFileReference; explicitFileType = wrapper.cfbundle; includeInIndex = 0; path = EssentialFeedCacheIntegrationTests.xctest; sourceTree = BUILT_PRODUCTS_DIR; };
		F02534432A8F38AC0065ECB3 /* EssentialFeedCacheIntegrationTests.swift */ = {isa = PBXFileReference; lastKnownFileType = sourcecode.swift; path = EssentialFeedCacheIntegrationTests.swift; sourceTree = "<group>"; };
		F026C4682A3C8AE80052E736 /* RemoteFeedLoader.swift */ = {isa = PBXFileReference; lastKnownFileType = sourcecode.swift; path = RemoteFeedLoader.swift; sourceTree = "<group>"; };
		F02E99F92A93BE0C008529AC /* Prototype.xcodeproj */ = {isa = PBXFileReference; lastKnownFileType = "wrapper.pb-project"; name = Prototype.xcodeproj; path = Prototype/Prototype.xcodeproj; sourceTree = "<group>"; };
		F0356FB82A582FD800E01113 /* LocalFeedLoader.swift */ = {isa = PBXFileReference; lastKnownFileType = sourcecode.swift; path = LocalFeedLoader.swift; sourceTree = "<group>"; };
		F0356FBA2A58314A00E01113 /* FeedStore.swift */ = {isa = PBXFileReference; lastKnownFileType = sourcecode.swift; path = FeedStore.swift; sourceTree = "<group>"; };
		F03CA0612A7E5DC5005611C3 /* XCTestCase+FeedStoreSpec.swift */ = {isa = PBXFileReference; lastKnownFileType = sourcecode.swift; path = "XCTestCase+FeedStoreSpec.swift"; sourceTree = "<group>"; };
		F04935982A82A4B000253238 /* FeedStore.xcdatamodel */ = {isa = PBXFileReference; lastKnownFileType = wrapper.xcdatamodel; path = FeedStore.xcdatamodel; sourceTree = "<group>"; };
		F04F9FF22A7E5C2F00158909 /* FeedStoreSpecs.swift */ = {isa = PBXFileReference; lastKnownFileType = sourcecode.swift; path = FeedStoreSpecs.swift; sourceTree = "<group>"; };
		F05B880E2A67A8B500EFBC6C /* FeedCacheTestsHelpers.swift */ = {isa = PBXFileReference; lastKnownFileType = sourcecode.swift; path = FeedCacheTestsHelpers.swift; sourceTree = "<group>"; };
		F05B88102A67A98600EFBC6C /* SharedTestHelpers.swift */ = {isa = PBXFileReference; lastKnownFileType = sourcecode.swift; path = SharedTestHelpers.swift; sourceTree = "<group>"; };
		F06AB82D2A82A02C00BC6599 /* CoreDataFeedStoreTests.swift */ = {isa = PBXFileReference; lastKnownFileType = sourcecode.swift; path = CoreDataFeedStoreTests.swift; sourceTree = "<group>"; };
		F06AB82F2A82A18F00BC6599 /* CoreDataFeedStore.swift */ = {isa = PBXFileReference; lastKnownFileType = sourcecode.swift; path = CoreDataFeedStore.swift; sourceTree = "<group>"; };
		F07744C32A4C537700991C0F /* EssentialFeed.xctestplan */ = {isa = PBXFileReference; lastKnownFileType = text; path = EssentialFeed.xctestplan; sourceTree = "<group>"; };
		F07744C82A4C552800991C0F /* EssentialFeedAPIEndToEndTests.xctest */ = {isa = PBXFileReference; explicitFileType = wrapper.cfbundle; includeInIndex = 0; path = EssentialFeedAPIEndToEndTests.xctest; sourceTree = BUILT_PRODUCTS_DIR; };
		F07744CA2A4C552800991C0F /* EssentialFeedAPIEndToEndTests.swift */ = {isa = PBXFileReference; lastKnownFileType = sourcecode.swift; path = EssentialFeedAPIEndToEndTests.swift; sourceTree = "<group>"; };
		F07744D32A4C662600991C0F /* CI.xctestplan */ = {isa = PBXFileReference; lastKnownFileType = text; path = CI.xctestplan; sourceTree = "<group>"; };
		F088AFCB2A7E5AA100F0BF95 /* CodableFeedStoreTests.swift */ = {isa = PBXFileReference; lastKnownFileType = sourcecode.swift; path = CodableFeedStoreTests.swift; sourceTree = "<group>"; };
		F08A90DD2A67A50600BB3874 /* ValidateFeedCacheUseCaseTests.swift */ = {isa = PBXFileReference; lastKnownFileType = sourcecode.swift; path = ValidateFeedCacheUseCaseTests.swift; sourceTree = "<group>"; };
		F0A63B972A7E62FD009B7B09 /* XCTestCase+FailableInsertFeedStoreSpecs.swift */ = {isa = PBXFileReference; lastKnownFileType = sourcecode.swift; path = "XCTestCase+FailableInsertFeedStoreSpecs.swift"; sourceTree = "<group>"; };
		F0A63B992A7E6339009B7B09 /* XCTestCase+FailableDeleteFeedStoreSpecs.swift */ = {isa = PBXFileReference; lastKnownFileType = sourcecode.swift; path = "XCTestCase+FailableDeleteFeedStoreSpecs.swift"; sourceTree = "<group>"; };
		F0C4A3792A7E17D300E2AB57 /* CodableFeedStore.swift */ = {isa = PBXFileReference; lastKnownFileType = sourcecode.swift; path = CodableFeedStore.swift; sourceTree = "<group>"; };
		F0CD200C2A77D64C00B931D9 /* FeedCachePolicy.swift */ = {isa = PBXFileReference; lastKnownFileType = sourcecode.swift; path = FeedCachePolicy.swift; sourceTree = "<group>"; };
		F0E72F742A8D0BF00095610D /* CoreDataHelpers.swift */ = {isa = PBXFileReference; lastKnownFileType = sourcecode.swift; path = CoreDataHelpers.swift; sourceTree = "<group>"; };
		F0E72F762A8D0CDD0095610D /* ManagedCache.swift */ = {isa = PBXFileReference; lastKnownFileType = sourcecode.swift; path = ManagedCache.swift; sourceTree = "<group>"; };
		F0E72F782A8D0CFB0095610D /* ManagedFeedImage.swift */ = {isa = PBXFileReference; lastKnownFileType = sourcecode.swift; path = ManagedFeedImage.swift; sourceTree = "<group>"; };
		F0EB21832A6569F4004D0D8D /* RemoteFeedItem.swift */ = {isa = PBXFileReference; lastKnownFileType = sourcecode.swift; path = RemoteFeedItem.swift; sourceTree = "<group>"; };
		F0EB21852A656A3E004D0D8D /* LocalFeedImage.swift */ = {isa = PBXFileReference; lastKnownFileType = sourcecode.swift; path = LocalFeedImage.swift; sourceTree = "<group>"; };
		F0EB21872A657949004D0D8D /* LoadFeedFromCacheUseCaseTests.swift */ = {isa = PBXFileReference; lastKnownFileType = sourcecode.swift; name = LoadFeedFromCacheUseCaseTests.swift; path = EssentialFeedTests/FeedAPI/LoadFeedFromCacheUseCaseTests.swift; sourceTree = SOURCE_ROOT; };
		F0EB218A2A657A6B004D0D8D /* FeedStoreSpy.swift */ = {isa = PBXFileReference; lastKnownFileType = sourcecode.swift; path = FeedStoreSpy.swift; sourceTree = "<group>"; };
		F0F10E942A7E4A1600F9C30A /* FeedStoreImplementationInbox.md */ = {isa = PBXFileReference; lastKnownFileType = net.daringfireball.markdown; path = FeedStoreImplementationInbox.md; sourceTree = "<group>"; };
		F0F2FD202A7E62AA006ED44C /* XCTestCase+FailableRetrieveFeedStoreSpecs.swift */ = {isa = PBXFileReference; lastKnownFileType = sourcecode.swift; path = "XCTestCase+FailableRetrieveFeedStoreSpecs.swift"; sourceTree = "<group>"; };
/* End PBXFileReference section */

/* Begin PBXFrameworksBuildPhase section */
		F0037D082A3ABF9C00FC2268 /* Frameworks */ = {
			isa = PBXFrameworksBuildPhase;
			buildActionMask = 2147483647;
			files = (
			);
			runOnlyForDeploymentPostprocessing = 0;
		};
		F0037D122A3ABF9C00FC2268 /* Frameworks */ = {
			isa = PBXFrameworksBuildPhase;
			buildActionMask = 2147483647;
			files = (
				F0037D162A3ABF9C00FC2268 /* EssentialFeed.framework in Frameworks */,
			);
			runOnlyForDeploymentPostprocessing = 0;
		};
		F01585F32A9479F400C16172 /* Frameworks */ = {
			isa = PBXFrameworksBuildPhase;
			buildActionMask = 2147483647;
			files = (
				F01586302A94DF0800C16172 /* EssentialFeed.framework in Frameworks */,
			);
			runOnlyForDeploymentPostprocessing = 0;
		};
		F01585FC2A9479F500C16172 /* Frameworks */ = {
			isa = PBXFrameworksBuildPhase;
			buildActionMask = 2147483647;
			files = (
				F01586002A9479F600C16172 /* EssentialFeediOS.framework in Frameworks */,
			);
			runOnlyForDeploymentPostprocessing = 0;
		};
		F025343E2A8F38AC0065ECB3 /* Frameworks */ = {
			isa = PBXFrameworksBuildPhase;
			buildActionMask = 2147483647;
			files = (
				F02534452A8F38AC0065ECB3 /* EssentialFeed.framework in Frameworks */,
			);
			runOnlyForDeploymentPostprocessing = 0;
		};
		F07744C52A4C552800991C0F /* Frameworks */ = {
			isa = PBXFrameworksBuildPhase;
			buildActionMask = 2147483647;
			files = (
				F07744CC2A4C552800991C0F /* EssentialFeed.framework in Frameworks */,
			);
			runOnlyForDeploymentPostprocessing = 0;
		};
/* End PBXFrameworksBuildPhase section */

/* Begin PBXGroup section */
		F0037D012A3ABF9B00FC2268 = {
			isa = PBXGroup;
			children = (
				F02E99F92A93BE0C008529AC /* Prototype.xcodeproj */,
				F0037D0D2A3ABF9C00FC2268 /* EssentialFeed */,
				F0037D192A3ABF9C00FC2268 /* EssentialFeedTests */,
				F07744C92A4C552800991C0F /* EssentialFeedAPIEndToEndTests */,
				F02534422A8F38AC0065ECB3 /* EssentialFeedCacheIntegrationTests */,
				F01585F72A9479F500C16172 /* EssentialFeediOS */,
				F01586032A9479F600C16172 /* EssentialFeediOSTests */,
				F0037D0C2A3ABF9C00FC2268 /* Products */,
				F015862F2A94DF0800C16172 /* Frameworks */,
			);
			sourceTree = "<group>";
		};
		F0037D0C2A3ABF9C00FC2268 /* Products */ = {
			isa = PBXGroup;
			children = (
				F0037D0B2A3ABF9C00FC2268 /* EssentialFeed.framework */,
				F0037D152A3ABF9C00FC2268 /* EssentialFeedTests.xctest */,
				F07744C82A4C552800991C0F /* EssentialFeedAPIEndToEndTests.xctest */,
				F02534412A8F38AC0065ECB3 /* EssentialFeedCacheIntegrationTests.xctest */,
				F01585F62A9479F400C16172 /* EssentialFeediOS.framework */,
				F01585FF2A9479F500C16172 /* EssentialFeediOSTests.xctest */,
			);
			name = Products;
			sourceTree = "<group>";
		};
		F0037D0D2A3ABF9C00FC2268 /* EssentialFeed */ = {
			isa = PBXGroup;
			children = (
				F0356FB72A582FBF00E01113 /* FeedCache */,
				F026C4672A3C8AC20052E736 /* FeedAPI */,
				F0037D292A3AC11000FC2268 /* FeedFeature */,
				F0037D0E2A3ABF9C00FC2268 /* EssentialFeed.h */,
				F0037D0F2A3ABF9C00FC2268 /* EssentialFeed.docc */,
			);
			path = EssentialFeed;
			sourceTree = "<group>";
		};
		F0037D192A3ABF9C00FC2268 /* EssentialFeedTests */ = {
			isa = PBXGroup;
			children = (
				F07744C32A4C537700991C0F /* EssentialFeed.xctestplan */,
				F015860E2A948B0300C16172 /* CI_iOS.xctestplan */,
				F07744D32A4C662600991C0F /* CI.xctestplan */,
				F0227F752A49D05C0020E932 /* Helpers */,
				F01084852A56E684005CF803 /* FeedCache */,
				F017E7A62A436C9300644EA4 /* FeedAPI */,
			);
			path = EssentialFeedTests;
			sourceTree = "<group>";
		};
		F0037D292A3AC11000FC2268 /* FeedFeature */ = {
			isa = PBXGroup;
			children = (
				F0037D252A3ABFC900FC2268 /* FeedImage.swift */,
				F0037D272A3AC05700FC2268 /* FeedLoader.swift */,
			);
			path = FeedFeature;
			sourceTree = "<group>";
		};
		F01084852A56E684005CF803 /* FeedCache */ = {
			isa = PBXGroup;
			children = (
				F0996CC12A7E644000135142 /* FeedStoreSpecs */,
				F0EB21892A657A5C004D0D8D /* Helpers */,
				F01084862A56E6A5005CF803 /* CacheFeedUseCase.swift */,
				F0EB21872A657949004D0D8D /* LoadFeedFromCacheUseCaseTests.swift */,
				F08A90DD2A67A50600BB3874 /* ValidateFeedCacheUseCaseTests.swift */,
				F088AFCB2A7E5AA100F0BF95 /* CodableFeedStoreTests.swift */,
				F06AB82D2A82A02C00BC6599 /* CoreDataFeedStoreTests.swift */,
			);
			path = FeedCache;
			sourceTree = "<group>";
		};
		F01585F72A9479F500C16172 /* EssentialFeediOS */ = {
			isa = PBXGroup;
			children = (
				F01585F92A9479F500C16172 /* EssentialFeediOS.docc */,
				F01586362A95034B00C16172 /* FeedViewController.swift */,
			);
			path = EssentialFeediOS;
			sourceTree = "<group>";
		};
		F01586032A9479F600C16172 /* EssentialFeediOSTests */ = {
			isa = PBXGroup;
			children = (
				F015860D2A947AE400C16172 /* EssentialFeediOS.xctestplan */,
				F015862D2A94DC3E00C16172 /* FeedViewControllerTests.swift */,
			);
			path = EssentialFeediOSTests;
			sourceTree = "<group>";
		};
		F015862F2A94DF0800C16172 /* Frameworks */ = {
			isa = PBXGroup;
			children = (
			);
			name = Frameworks;
			sourceTree = "<group>";
		};
		F017E7A62A436C9300644EA4 /* FeedAPI */ = {
			isa = PBXGroup;
			children = (
				F0037D2C2A3AC43B00FC2268 /* LoadFeedFromRemoteUseCaseTests.swift */,
				F02530442A46A8B800D2D624 /* URLSessionHTTPClientTests.swift */,
			);
			path = FeedAPI;
			sourceTree = "<group>";
		};
		F0227F752A49D05C0020E932 /* Helpers */ = {
			isa = PBXGroup;
			children = (
				F0227F762A49D08B0020E932 /* XCTestCase+MemoryLeakTracking.swift */,
				F05B88102A67A98600EFBC6C /* SharedTestHelpers.swift */,
			);
			path = Helpers;
			sourceTree = "<group>";
		};
		F02534422A8F38AC0065ECB3 /* EssentialFeedCacheIntegrationTests */ = {
			isa = PBXGroup;
			children = (
				F02534432A8F38AC0065ECB3 /* EssentialFeedCacheIntegrationTests.swift */,
				F01585F02A94782800C16172 /* EssentialFeedCacheIntegrationTests.xctestplan */,
			);
			path = EssentialFeedCacheIntegrationTests;
			sourceTree = "<group>";
		};
		F026C4672A3C8AC20052E736 /* FeedAPI */ = {
			isa = PBXGroup;
			children = (
				F026C4682A3C8AE80052E736 /* RemoteFeedLoader.swift */,
				F017E7A42A43669800644EA4 /* FeedItemsMapper.swift */,
				F017E7A12A43665B00644EA4 /* HTTPClient.swift */,
				F0227F782A49E3E20020E932 /* URLSessionHTTPClient.swift */,
				F0EB21832A6569F4004D0D8D /* RemoteFeedItem.swift */,
			);
			path = FeedAPI;
			sourceTree = "<group>";
		};
		F02E99FA2A93BE0C008529AC /* Products */ = {
			isa = PBXGroup;
			children = (
				F02E99FE2A93BE0D008529AC /* Prototype.app */,
			);
			name = Products;
			sourceTree = "<group>";
		};
		F0356FB72A582FBF00E01113 /* FeedCache */ = {
			isa = PBXGroup;
			children = (
				F0E72F712A8D0AE50095610D /* Infrastructure */,
				F0356FB82A582FD800E01113 /* LocalFeedLoader.swift */,
				F0356FBA2A58314A00E01113 /* FeedStore.swift */,
				F0EB21852A656A3E004D0D8D /* LocalFeedImage.swift */,
				F0CD200C2A77D64C00B931D9 /* FeedCachePolicy.swift */,
				F0F10E942A7E4A1600F9C30A /* FeedStoreImplementationInbox.md */,
			);
			path = FeedCache;
			sourceTree = "<group>";
		};
		F07744C92A4C552800991C0F /* EssentialFeedAPIEndToEndTests */ = {
			isa = PBXGroup;
			children = (
				F01585EF2A9476E000C16172 /* EssentialFeedAPIEndToEndTests.xctestplan */,
				F07744CA2A4C552800991C0F /* EssentialFeedAPIEndToEndTests.swift */,
			);
			path = EssentialFeedAPIEndToEndTests;
			sourceTree = "<group>";
		};
		F0996CC12A7E644000135142 /* FeedStoreSpecs */ = {
			isa = PBXGroup;
			children = (
				F04F9FF22A7E5C2F00158909 /* FeedStoreSpecs.swift */,
				F03CA0612A7E5DC5005611C3 /* XCTestCase+FeedStoreSpec.swift */,
				F0F2FD202A7E62AA006ED44C /* XCTestCase+FailableRetrieveFeedStoreSpecs.swift */,
				F0A63B972A7E62FD009B7B09 /* XCTestCase+FailableInsertFeedStoreSpecs.swift */,
				F0A63B992A7E6339009B7B09 /* XCTestCase+FailableDeleteFeedStoreSpecs.swift */,
			);
			path = FeedStoreSpecs;
			sourceTree = "<group>";
		};
		F0E72F712A8D0AE50095610D /* Infrastructure */ = {
			isa = PBXGroup;
			children = (
				F0E72F732A8D0B6D0095610D /* Codable */,
				F0E72F722A8D0B620095610D /* CoreData */,
			);
			path = Infrastructure;
			sourceTree = "<group>";
		};
		F0E72F722A8D0B620095610D /* CoreData */ = {
			isa = PBXGroup;
			children = (
				F06AB82F2A82A18F00BC6599 /* CoreDataFeedStore.swift */,
				F04935972A82A4B000253238 /* FeedStore.xcdatamodeld */,
				F0E72F742A8D0BF00095610D /* CoreDataHelpers.swift */,
				F0E72F762A8D0CDD0095610D /* ManagedCache.swift */,
				F0E72F782A8D0CFB0095610D /* ManagedFeedImage.swift */,
			);
			path = CoreData;
			sourceTree = "<group>";
		};
		F0E72F732A8D0B6D0095610D /* Codable */ = {
			isa = PBXGroup;
			children = (
				F0C4A3792A7E17D300E2AB57 /* CodableFeedStore.swift */,
			);
			path = Codable;
			sourceTree = "<group>";
		};
		F0EB21892A657A5C004D0D8D /* Helpers */ = {
			isa = PBXGroup;
			children = (
				F0EB218A2A657A6B004D0D8D /* FeedStoreSpy.swift */,
				F05B880E2A67A8B500EFBC6C /* FeedCacheTestsHelpers.swift */,
			);
			path = Helpers;
			sourceTree = "<group>";
		};
/* End PBXGroup section */

/* Begin PBXHeadersBuildPhase section */
		F0037D062A3ABF9C00FC2268 /* Headers */ = {
			isa = PBXHeadersBuildPhase;
			buildActionMask = 2147483647;
			files = (
				F0037D1C2A3ABF9C00FC2268 /* EssentialFeed.h in Headers */,
			);
			runOnlyForDeploymentPostprocessing = 0;
		};
		F01585F12A9479F400C16172 /* Headers */ = {
			isa = PBXHeadersBuildPhase;
			buildActionMask = 2147483647;
			files = (
			);
			runOnlyForDeploymentPostprocessing = 0;
		};
/* End PBXHeadersBuildPhase section */

/* Begin PBXNativeTarget section */
		F0037D0A2A3ABF9C00FC2268 /* EssentialFeed */ = {
			isa = PBXNativeTarget;
			buildConfigurationList = F0037D1F2A3ABF9C00FC2268 /* Build configuration list for PBXNativeTarget "EssentialFeed" */;
			buildPhases = (
				F0037D062A3ABF9C00FC2268 /* Headers */,
				F0037D072A3ABF9C00FC2268 /* Sources */,
				F0037D082A3ABF9C00FC2268 /* Frameworks */,
				F0037D092A3ABF9C00FC2268 /* Resources */,
			);
			buildRules = (
			);
			dependencies = (
			);
			name = EssentialFeed;
			productName = EssentialFeed;
			productReference = F0037D0B2A3ABF9C00FC2268 /* EssentialFeed.framework */;
			productType = "com.apple.product-type.framework";
		};
		F0037D142A3ABF9C00FC2268 /* EssentialFeedTests */ = {
			isa = PBXNativeTarget;
			buildConfigurationList = F0037D222A3ABF9C00FC2268 /* Build configuration list for PBXNativeTarget "EssentialFeedTests" */;
			buildPhases = (
				F0037D112A3ABF9C00FC2268 /* Sources */,
				F0037D122A3ABF9C00FC2268 /* Frameworks */,
				F0037D132A3ABF9C00FC2268 /* Resources */,
			);
			buildRules = (
			);
			dependencies = (
				F0037D182A3ABF9C00FC2268 /* PBXTargetDependency */,
			);
			name = EssentialFeedTests;
			productName = EssentialFeedTests;
			productReference = F0037D152A3ABF9C00FC2268 /* EssentialFeedTests.xctest */;
			productType = "com.apple.product-type.bundle.unit-test";
		};
		F01585F52A9479F400C16172 /* EssentialFeediOS */ = {
			isa = PBXNativeTarget;
			buildConfigurationList = F01586072A9479F600C16172 /* Build configuration list for PBXNativeTarget "EssentialFeediOS" */;
			buildPhases = (
				F01585F12A9479F400C16172 /* Headers */,
				F01585F22A9479F400C16172 /* Sources */,
				F01585F32A9479F400C16172 /* Frameworks */,
				F01585F42A9479F400C16172 /* Resources */,
				F01586342A94DF0800C16172 /* Embed Frameworks */,
			);
			buildRules = (
			);
			dependencies = (
				F01586332A94DF0800C16172 /* PBXTargetDependency */,
			);
			name = EssentialFeediOS;
			productName = EssentialFeediOS;
			productReference = F01585F62A9479F400C16172 /* EssentialFeediOS.framework */;
			productType = "com.apple.product-type.framework";
		};
		F01585FE2A9479F500C16172 /* EssentialFeediOSTests */ = {
			isa = PBXNativeTarget;
			buildConfigurationList = F015860A2A9479F600C16172 /* Build configuration list for PBXNativeTarget "EssentialFeediOSTests" */;
			buildPhases = (
				F01585FB2A9479F500C16172 /* Sources */,
				F01585FC2A9479F500C16172 /* Frameworks */,
				F01585FD2A9479F500C16172 /* Resources */,
			);
			buildRules = (
			);
			dependencies = (
				F01586022A9479F600C16172 /* PBXTargetDependency */,
			);
			name = EssentialFeediOSTests;
			productName = EssentialFeediOSTests;
			productReference = F01585FF2A9479F500C16172 /* EssentialFeediOSTests.xctest */;
			productType = "com.apple.product-type.bundle.unit-test";
		};
		F02534402A8F38AC0065ECB3 /* EssentialFeedCacheIntegrationTests */ = {
			isa = PBXNativeTarget;
			buildConfigurationList = F025344A2A8F38AC0065ECB3 /* Build configuration list for PBXNativeTarget "EssentialFeedCacheIntegrationTests" */;
			buildPhases = (
				F025343D2A8F38AC0065ECB3 /* Sources */,
				F025343E2A8F38AC0065ECB3 /* Frameworks */,
				F025343F2A8F38AC0065ECB3 /* Resources */,
			);
			buildRules = (
			);
			dependencies = (
				F02534472A8F38AC0065ECB3 /* PBXTargetDependency */,
			);
			name = EssentialFeedCacheIntegrationTests;
			productName = EssentialFeedCacheIntegrationTests;
			productReference = F02534412A8F38AC0065ECB3 /* EssentialFeedCacheIntegrationTests.xctest */;
			productType = "com.apple.product-type.bundle.unit-test";
		};
		F07744C72A4C552800991C0F /* EssentialFeedAPIEndToEndTests */ = {
			isa = PBXNativeTarget;
			buildConfigurationList = F07744CF2A4C552800991C0F /* Build configuration list for PBXNativeTarget "EssentialFeedAPIEndToEndTests" */;
			buildPhases = (
				F07744C42A4C552800991C0F /* Sources */,
				F07744C52A4C552800991C0F /* Frameworks */,
				F07744C62A4C552800991C0F /* Resources */,
			);
			buildRules = (
			);
			dependencies = (
				F07744CE2A4C552800991C0F /* PBXTargetDependency */,
			);
			name = EssentialFeedAPIEndToEndTests;
			productName = EssentialFeedAPIEndToEndTests;
			productReference = F07744C82A4C552800991C0F /* EssentialFeedAPIEndToEndTests.xctest */;
			productType = "com.apple.product-type.bundle.unit-test";
		};
/* End PBXNativeTarget section */

/* Begin PBXProject section */
		F0037D022A3ABF9B00FC2268 /* Project object */ = {
			isa = PBXProject;
			attributes = {
				BuildIndependentTargetsInParallel = 1;
				LastSwiftUpdateCheck = 1430;
				LastUpgradeCheck = 1430;
				TargetAttributes = {
					F0037D0A2A3ABF9C00FC2268 = {
						CreatedOnToolsVersion = 14.3;
					};
					F0037D142A3ABF9C00FC2268 = {
						CreatedOnToolsVersion = 14.3;
					};
					F01585F52A9479F400C16172 = {
						CreatedOnToolsVersion = 14.3.1;
					};
					F01585FE2A9479F500C16172 = {
						CreatedOnToolsVersion = 14.3.1;
						LastSwiftMigration = 1430;
					};
					F02534402A8F38AC0065ECB3 = {
						CreatedOnToolsVersion = 14.3.1;
					};
					F07744C72A4C552800991C0F = {
						CreatedOnToolsVersion = 14.3;
					};
				};
			};
			buildConfigurationList = F0037D052A3ABF9B00FC2268 /* Build configuration list for PBXProject "EssentialFeed" */;
			compatibilityVersion = "Xcode 14.0";
			developmentRegion = en;
			hasScannedForEncodings = 0;
			knownRegions = (
				en,
				Base,
			);
			mainGroup = F0037D012A3ABF9B00FC2268;
			productRefGroup = F0037D0C2A3ABF9C00FC2268 /* Products */;
			projectDirPath = "";
			projectReferences = (
				{
					ProductGroup = F02E99FA2A93BE0C008529AC /* Products */;
					ProjectRef = F02E99F92A93BE0C008529AC /* Prototype.xcodeproj */;
				},
			);
			projectRoot = "";
			targets = (
				F0037D0A2A3ABF9C00FC2268 /* EssentialFeed */,
				F0037D142A3ABF9C00FC2268 /* EssentialFeedTests */,
				F07744C72A4C552800991C0F /* EssentialFeedAPIEndToEndTests */,
				F02534402A8F38AC0065ECB3 /* EssentialFeedCacheIntegrationTests */,
				F01585F52A9479F400C16172 /* EssentialFeediOS */,
				F01585FE2A9479F500C16172 /* EssentialFeediOSTests */,
			);
		};
/* End PBXProject section */

/* Begin PBXReferenceProxy section */
		F02E99FE2A93BE0D008529AC /* Prototype.app */ = {
			isa = PBXReferenceProxy;
			fileType = wrapper.application;
			path = Prototype.app;
			remoteRef = F02E99FD2A93BE0D008529AC /* PBXContainerItemProxy */;
			sourceTree = BUILT_PRODUCTS_DIR;
		};
/* End PBXReferenceProxy section */

/* Begin PBXResourcesBuildPhase section */
		F0037D092A3ABF9C00FC2268 /* Resources */ = {
			isa = PBXResourcesBuildPhase;
			buildActionMask = 2147483647;
			files = (
			);
			runOnlyForDeploymentPostprocessing = 0;
		};
		F0037D132A3ABF9C00FC2268 /* Resources */ = {
			isa = PBXResourcesBuildPhase;
			buildActionMask = 2147483647;
			files = (
			);
			runOnlyForDeploymentPostprocessing = 0;
		};
		F01585F42A9479F400C16172 /* Resources */ = {
			isa = PBXResourcesBuildPhase;
			buildActionMask = 2147483647;
			files = (
			);
			runOnlyForDeploymentPostprocessing = 0;
		};
		F01585FD2A9479F500C16172 /* Resources */ = {
			isa = PBXResourcesBuildPhase;
			buildActionMask = 2147483647;
			files = (
			);
			runOnlyForDeploymentPostprocessing = 0;
		};
		F025343F2A8F38AC0065ECB3 /* Resources */ = {
			isa = PBXResourcesBuildPhase;
			buildActionMask = 2147483647;
			files = (
			);
			runOnlyForDeploymentPostprocessing = 0;
		};
		F07744C62A4C552800991C0F /* Resources */ = {
			isa = PBXResourcesBuildPhase;
			buildActionMask = 2147483647;
			files = (
			);
			runOnlyForDeploymentPostprocessing = 0;
		};
/* End PBXResourcesBuildPhase section */

/* Begin PBXSourcesBuildPhase section */
		F0037D072A3ABF9C00FC2268 /* Sources */ = {
			isa = PBXSourcesBuildPhase;
			buildActionMask = 2147483647;
			files = (
				F0EB21862A656A3E004D0D8D /* LocalFeedImage.swift in Sources */,
				F04935992A82A4B000253238 /* FeedStore.xcdatamodeld in Sources */,
				F0356FBB2A58314A00E01113 /* FeedStore.swift in Sources */,
				F0227F792A49E3E20020E932 /* URLSessionHTTPClient.swift in Sources */,
				F026C4692A3C8AE80052E736 /* RemoteFeedLoader.swift in Sources */,
				F017E7A22A43665B00644EA4 /* HTTPClient.swift in Sources */,
				F0E72F752A8D0BF00095610D /* CoreDataHelpers.swift in Sources */,
				F0037D282A3AC05700FC2268 /* FeedLoader.swift in Sources */,
				F06AB8302A82A18F00BC6599 /* CoreDataFeedStore.swift in Sources */,
				F0E72F772A8D0CDD0095610D /* ManagedCache.swift in Sources */,
				F017E7A52A43669800644EA4 /* FeedItemsMapper.swift in Sources */,
				F0EB21842A6569F4004D0D8D /* RemoteFeedItem.swift in Sources */,
				F0C4A37A2A7E17D300E2AB57 /* CodableFeedStore.swift in Sources */,
				F0CD200D2A77D64C00B931D9 /* FeedCachePolicy.swift in Sources */,
				F0037D262A3ABFC900FC2268 /* FeedImage.swift in Sources */,
				F0E72F792A8D0CFB0095610D /* ManagedFeedImage.swift in Sources */,
				F0356FB92A582FD800E01113 /* LocalFeedLoader.swift in Sources */,
				F0037D102A3ABF9C00FC2268 /* EssentialFeed.docc in Sources */,
			);
			runOnlyForDeploymentPostprocessing = 0;
		};
		F0037D112A3ABF9C00FC2268 /* Sources */ = {
			isa = PBXSourcesBuildPhase;
			buildActionMask = 2147483647;
			files = (
				F088AFCC2A7E5AA100F0BF95 /* CodableFeedStoreTests.swift in Sources */,
				F0A63B9A2A7E6339009B7B09 /* XCTestCase+FailableDeleteFeedStoreSpecs.swift in Sources */,
				F08A90DE2A67A50600BB3874 /* ValidateFeedCacheUseCaseTests.swift in Sources */,
				F0037D2D2A3AC43B00FC2268 /* LoadFeedFromRemoteUseCaseTests.swift in Sources */,
				F02530452A46A8B800D2D624 /* URLSessionHTTPClientTests.swift in Sources */,
				F0EB218B2A657A6B004D0D8D /* FeedStoreSpy.swift in Sources */,
				F05B880F2A67A8B500EFBC6C /* FeedCacheTestsHelpers.swift in Sources */,
				F05B88112A67A98600EFBC6C /* SharedTestHelpers.swift in Sources */,
				F0A63B982A7E62FD009B7B09 /* XCTestCase+FailableInsertFeedStoreSpecs.swift in Sources */,
				F03CA0622A7E5DC5005611C3 /* XCTestCase+FeedStoreSpec.swift in Sources */,
				F01084872A56E6A5005CF803 /* CacheFeedUseCase.swift in Sources */,
				F0EB21882A657949004D0D8D /* LoadFeedFromCacheUseCaseTests.swift in Sources */,
				F04F9FF32A7E5C2F00158909 /* FeedStoreSpecs.swift in Sources */,
				F0227F772A49D08B0020E932 /* XCTestCase+MemoryLeakTracking.swift in Sources */,
				F06AB82E2A82A02C00BC6599 /* CoreDataFeedStoreTests.swift in Sources */,
				F0F2FD212A7E62AA006ED44C /* XCTestCase+FailableRetrieveFeedStoreSpecs.swift in Sources */,
			);
			runOnlyForDeploymentPostprocessing = 0;
		};
		F01585F22A9479F400C16172 /* Sources */ = {
			isa = PBXSourcesBuildPhase;
			buildActionMask = 2147483647;
			files = (
				F01586372A95034B00C16172 /* FeedViewController.swift in Sources */,
				F01585FA2A9479F500C16172 /* EssentialFeediOS.docc in Sources */,
			);
			runOnlyForDeploymentPostprocessing = 0;
		};
		F01585FB2A9479F500C16172 /* Sources */ = {
			isa = PBXSourcesBuildPhase;
			buildActionMask = 2147483647;
			files = (
				F015862E2A94DC3E00C16172 /* FeedViewControllerTests.swift in Sources */,
				F01586352A94EC8900C16172 /* XCTestCase+MemoryLeakTracking.swift in Sources */,
			);
			runOnlyForDeploymentPostprocessing = 0;
		};
		F025343D2A8F38AC0065ECB3 /* Sources */ = {
			isa = PBXSourcesBuildPhase;
			buildActionMask = 2147483647;
			files = (
				F025344E2A8F53000065ECB3 /* FeedCacheTestsHelpers.swift in Sources */,
				F02534442A8F38AC0065ECB3 /* EssentialFeedCacheIntegrationTests.swift in Sources */,
				F025344C2A8F3F030065ECB3 /* XCTestCase+MemoryLeakTracking.swift in Sources */,
				F025344D2A8F52F40065ECB3 /* SharedTestHelpers.swift in Sources */,
			);
			runOnlyForDeploymentPostprocessing = 0;
		};
		F07744C42A4C552800991C0F /* Sources */ = {
			isa = PBXSourcesBuildPhase;
			buildActionMask = 2147483647;
			files = (
				F07744CB2A4C552800991C0F /* EssentialFeedAPIEndToEndTests.swift in Sources */,
				F07744D22A4C64FF00991C0F /* XCTestCase+MemoryLeakTracking.swift in Sources */,
			);
			runOnlyForDeploymentPostprocessing = 0;
		};
/* End PBXSourcesBuildPhase section */

/* Begin PBXTargetDependency section */
		F0037D182A3ABF9C00FC2268 /* PBXTargetDependency */ = {
			isa = PBXTargetDependency;
			target = F0037D0A2A3ABF9C00FC2268 /* EssentialFeed */;
			targetProxy = F0037D172A3ABF9C00FC2268 /* PBXContainerItemProxy */;
		};
		F01586022A9479F600C16172 /* PBXTargetDependency */ = {
			isa = PBXTargetDependency;
			target = F01585F52A9479F400C16172 /* EssentialFeediOS */;
			targetProxy = F01586012A9479F600C16172 /* PBXContainerItemProxy */;
		};
		F01586332A94DF0800C16172 /* PBXTargetDependency */ = {
			isa = PBXTargetDependency;
			platformFilter = ios;
			target = F0037D0A2A3ABF9C00FC2268 /* EssentialFeed */;
			targetProxy = F01586322A94DF0800C16172 /* PBXContainerItemProxy */;
		};
		F02534472A8F38AC0065ECB3 /* PBXTargetDependency */ = {
			isa = PBXTargetDependency;
			target = F0037D0A2A3ABF9C00FC2268 /* EssentialFeed */;
			targetProxy = F02534462A8F38AC0065ECB3 /* PBXContainerItemProxy */;
		};
		F07744CE2A4C552800991C0F /* PBXTargetDependency */ = {
			isa = PBXTargetDependency;
			target = F0037D0A2A3ABF9C00FC2268 /* EssentialFeed */;
			targetProxy = F07744CD2A4C552800991C0F /* PBXContainerItemProxy */;
		};
/* End PBXTargetDependency section */

/* Begin XCBuildConfiguration section */
		F0037D1D2A3ABF9C00FC2268 /* Debug */ = {
			isa = XCBuildConfiguration;
			buildSettings = {
				ALWAYS_SEARCH_USER_PATHS = NO;
				CLANG_ANALYZER_NONNULL = YES;
				CLANG_ANALYZER_NUMBER_OBJECT_CONVERSION = YES_AGGRESSIVE;
				CLANG_CXX_LANGUAGE_STANDARD = "gnu++20";
				CLANG_ENABLE_MODULES = YES;
				CLANG_ENABLE_OBJC_ARC = YES;
				CLANG_ENABLE_OBJC_WEAK = YES;
				CLANG_WARN_BLOCK_CAPTURE_AUTORELEASING = YES;
				CLANG_WARN_BOOL_CONVERSION = YES;
				CLANG_WARN_COMMA = YES;
				CLANG_WARN_CONSTANT_CONVERSION = YES;
				CLANG_WARN_DEPRECATED_OBJC_IMPLEMENTATIONS = YES;
				CLANG_WARN_DIRECT_OBJC_ISA_USAGE = YES_ERROR;
				CLANG_WARN_DOCUMENTATION_COMMENTS = YES;
				CLANG_WARN_EMPTY_BODY = YES;
				CLANG_WARN_ENUM_CONVERSION = YES;
				CLANG_WARN_INFINITE_RECURSION = YES;
				CLANG_WARN_INT_CONVERSION = YES;
				CLANG_WARN_NON_LITERAL_NULL_CONVERSION = YES;
				CLANG_WARN_OBJC_IMPLICIT_RETAIN_SELF = YES;
				CLANG_WARN_OBJC_LITERAL_CONVERSION = YES;
				CLANG_WARN_OBJC_ROOT_CLASS = YES_ERROR;
				CLANG_WARN_QUOTED_INCLUDE_IN_FRAMEWORK_HEADER = YES;
				CLANG_WARN_RANGE_LOOP_ANALYSIS = YES;
				CLANG_WARN_STRICT_PROTOTYPES = YES;
				CLANG_WARN_SUSPICIOUS_MOVE = YES;
				CLANG_WARN_UNGUARDED_AVAILABILITY = YES_AGGRESSIVE;
				CLANG_WARN_UNREACHABLE_CODE = YES;
				CLANG_WARN__DUPLICATE_METHOD_MATCH = YES;
				COPY_PHASE_STRIP = NO;
				CURRENT_PROJECT_VERSION = 1;
				DEBUG_INFORMATION_FORMAT = dwarf;
				ENABLE_STRICT_OBJC_MSGSEND = YES;
				ENABLE_TESTABILITY = YES;
				GCC_C_LANGUAGE_STANDARD = gnu11;
				GCC_DYNAMIC_NO_PIC = NO;
				GCC_NO_COMMON_BLOCKS = YES;
				GCC_OPTIMIZATION_LEVEL = 0;
				GCC_PREPROCESSOR_DEFINITIONS = (
					"DEBUG=1",
					"$(inherited)",
				);
				GCC_WARN_64_TO_32_BIT_CONVERSION = YES;
				GCC_WARN_ABOUT_RETURN_TYPE = YES_ERROR;
				GCC_WARN_UNDECLARED_SELECTOR = YES;
				GCC_WARN_UNINITIALIZED_AUTOS = YES_AGGRESSIVE;
				GCC_WARN_UNUSED_FUNCTION = YES;
				GCC_WARN_UNUSED_VARIABLE = YES;
				MACOSX_DEPLOYMENT_TARGET = 13.3;
				MTL_ENABLE_DEBUG_INFO = INCLUDE_SOURCE;
				MTL_FAST_MATH = YES;
				ONLY_ACTIVE_ARCH = YES;
				SDKROOT = macosx;
				SWIFT_ACTIVE_COMPILATION_CONDITIONS = DEBUG;
				SWIFT_OPTIMIZATION_LEVEL = "-Onone";
				VERSIONING_SYSTEM = "apple-generic";
				VERSION_INFO_PREFIX = "";
			};
			name = Debug;
		};
		F0037D1E2A3ABF9C00FC2268 /* Release */ = {
			isa = XCBuildConfiguration;
			buildSettings = {
				ALWAYS_SEARCH_USER_PATHS = NO;
				CLANG_ANALYZER_NONNULL = YES;
				CLANG_ANALYZER_NUMBER_OBJECT_CONVERSION = YES_AGGRESSIVE;
				CLANG_CXX_LANGUAGE_STANDARD = "gnu++20";
				CLANG_ENABLE_MODULES = YES;
				CLANG_ENABLE_OBJC_ARC = YES;
				CLANG_ENABLE_OBJC_WEAK = YES;
				CLANG_WARN_BLOCK_CAPTURE_AUTORELEASING = YES;
				CLANG_WARN_BOOL_CONVERSION = YES;
				CLANG_WARN_COMMA = YES;
				CLANG_WARN_CONSTANT_CONVERSION = YES;
				CLANG_WARN_DEPRECATED_OBJC_IMPLEMENTATIONS = YES;
				CLANG_WARN_DIRECT_OBJC_ISA_USAGE = YES_ERROR;
				CLANG_WARN_DOCUMENTATION_COMMENTS = YES;
				CLANG_WARN_EMPTY_BODY = YES;
				CLANG_WARN_ENUM_CONVERSION = YES;
				CLANG_WARN_INFINITE_RECURSION = YES;
				CLANG_WARN_INT_CONVERSION = YES;
				CLANG_WARN_NON_LITERAL_NULL_CONVERSION = YES;
				CLANG_WARN_OBJC_IMPLICIT_RETAIN_SELF = YES;
				CLANG_WARN_OBJC_LITERAL_CONVERSION = YES;
				CLANG_WARN_OBJC_ROOT_CLASS = YES_ERROR;
				CLANG_WARN_QUOTED_INCLUDE_IN_FRAMEWORK_HEADER = YES;
				CLANG_WARN_RANGE_LOOP_ANALYSIS = YES;
				CLANG_WARN_STRICT_PROTOTYPES = YES;
				CLANG_WARN_SUSPICIOUS_MOVE = YES;
				CLANG_WARN_UNGUARDED_AVAILABILITY = YES_AGGRESSIVE;
				CLANG_WARN_UNREACHABLE_CODE = YES;
				CLANG_WARN__DUPLICATE_METHOD_MATCH = YES;
				COPY_PHASE_STRIP = NO;
				CURRENT_PROJECT_VERSION = 1;
				DEBUG_INFORMATION_FORMAT = "dwarf-with-dsym";
				ENABLE_NS_ASSERTIONS = NO;
				ENABLE_STRICT_OBJC_MSGSEND = YES;
				GCC_C_LANGUAGE_STANDARD = gnu11;
				GCC_NO_COMMON_BLOCKS = YES;
				GCC_WARN_64_TO_32_BIT_CONVERSION = YES;
				GCC_WARN_ABOUT_RETURN_TYPE = YES_ERROR;
				GCC_WARN_UNDECLARED_SELECTOR = YES;
				GCC_WARN_UNINITIALIZED_AUTOS = YES_AGGRESSIVE;
				GCC_WARN_UNUSED_FUNCTION = YES;
				GCC_WARN_UNUSED_VARIABLE = YES;
				MACOSX_DEPLOYMENT_TARGET = 13.3;
				MTL_ENABLE_DEBUG_INFO = NO;
				MTL_FAST_MATH = YES;
				SDKROOT = macosx;
				SWIFT_COMPILATION_MODE = wholemodule;
				SWIFT_OPTIMIZATION_LEVEL = "-O";
				VERSIONING_SYSTEM = "apple-generic";
				VERSION_INFO_PREFIX = "";
			};
			name = Release;
		};
		F0037D202A3ABF9C00FC2268 /* Debug */ = {
			isa = XCBuildConfiguration;
			buildSettings = {
				CODE_SIGN_STYLE = Automatic;
				COMBINE_HIDPI_IMAGES = YES;
				CURRENT_PROJECT_VERSION = 1;
				DEFINES_MODULE = YES;
				DEVELOPMENT_TEAM = S8ULL6G9DZ;
				DYLIB_COMPATIBILITY_VERSION = 1;
				DYLIB_CURRENT_VERSION = 1;
				DYLIB_INSTALL_NAME_BASE = "@rpath";
				ENABLE_MODULE_VERIFIER = YES;
				GENERATE_INFOPLIST_FILE = YES;
				INFOPLIST_KEY_NSHumanReadableCopyright = "";
				INSTALL_PATH = "$(LOCAL_LIBRARY_DIR)/Frameworks";
				LD_RUNPATH_SEARCH_PATHS = (
					"$(inherited)",
					"@executable_path/../Frameworks",
					"@loader_path/Frameworks",
				);
				MACOSX_DEPLOYMENT_TARGET = 13.0;
				MARKETING_VERSION = 1.0;
				MODULE_VERIFIER_SUPPORTED_LANGUAGES = "objective-c objective-c++";
				MODULE_VERIFIER_SUPPORTED_LANGUAGE_STANDARDS = "gnu11 gnu++20";
				PRODUCT_BUNDLE_IDENTIFIER = io.quantumitservices.myCircle.EssentialFeed;
				PRODUCT_NAME = "$(TARGET_NAME:c99extidentifier)";
				SKIP_INSTALL = YES;
				SUPPORTED_PLATFORMS = "macosx iphoneos iphonesimulator";
				SWIFT_EMIT_LOC_STRINGS = YES;
				SWIFT_VERSION = 5.0;
			};
			name = Debug;
		};
		F0037D212A3ABF9C00FC2268 /* Release */ = {
			isa = XCBuildConfiguration;
			buildSettings = {
				CODE_SIGN_STYLE = Automatic;
				COMBINE_HIDPI_IMAGES = YES;
				CURRENT_PROJECT_VERSION = 1;
				DEFINES_MODULE = YES;
				DEVELOPMENT_TEAM = S8ULL6G9DZ;
				DYLIB_COMPATIBILITY_VERSION = 1;
				DYLIB_CURRENT_VERSION = 1;
				DYLIB_INSTALL_NAME_BASE = "@rpath";
				ENABLE_MODULE_VERIFIER = YES;
				GENERATE_INFOPLIST_FILE = YES;
				INFOPLIST_KEY_NSHumanReadableCopyright = "";
				INSTALL_PATH = "$(LOCAL_LIBRARY_DIR)/Frameworks";
				LD_RUNPATH_SEARCH_PATHS = (
					"$(inherited)",
					"@executable_path/../Frameworks",
					"@loader_path/Frameworks",
				);
				MACOSX_DEPLOYMENT_TARGET = 13.0;
				MARKETING_VERSION = 1.0;
				MODULE_VERIFIER_SUPPORTED_LANGUAGES = "objective-c objective-c++";
				MODULE_VERIFIER_SUPPORTED_LANGUAGE_STANDARDS = "gnu11 gnu++20";
				PRODUCT_BUNDLE_IDENTIFIER = io.quantumitservices.myCircle.EssentialFeed;
				PRODUCT_NAME = "$(TARGET_NAME:c99extidentifier)";
				SKIP_INSTALL = YES;
				SUPPORTED_PLATFORMS = "macosx iphoneos iphonesimulator";
				SWIFT_EMIT_LOC_STRINGS = YES;
				SWIFT_VERSION = 5.0;
			};
			name = Release;
		};
		F0037D232A3ABF9C00FC2268 /* Debug */ = {
			isa = XCBuildConfiguration;
			buildSettings = {
				ALWAYS_EMBED_SWIFT_STANDARD_LIBRARIES = YES;
				CODE_SIGN_STYLE = Automatic;
				CURRENT_PROJECT_VERSION = 1;
				DEVELOPMENT_TEAM = S8ULL6G9DZ;
				GENERATE_INFOPLIST_FILE = YES;
				MACOSX_DEPLOYMENT_TARGET = 13.0;
				MARKETING_VERSION = 1.0;
				PRODUCT_BUNDLE_IDENTIFIER = io.quantumitservices.myCircle.EssentialFeedTests;
				PRODUCT_NAME = "$(TARGET_NAME)";
				SUPPORTED_PLATFORMS = "macosx iphonesimulator iphoneos";
				SWIFT_EMIT_LOC_STRINGS = NO;
				SWIFT_VERSION = 5.0;
			};
			name = Debug;
		};
		F0037D242A3ABF9C00FC2268 /* Release */ = {
			isa = XCBuildConfiguration;
			buildSettings = {
				ALWAYS_EMBED_SWIFT_STANDARD_LIBRARIES = YES;
				CODE_SIGN_STYLE = Automatic;
				CURRENT_PROJECT_VERSION = 1;
				DEVELOPMENT_TEAM = S8ULL6G9DZ;
				GENERATE_INFOPLIST_FILE = YES;
				MACOSX_DEPLOYMENT_TARGET = 13.0;
				MARKETING_VERSION = 1.0;
				PRODUCT_BUNDLE_IDENTIFIER = io.quantumitservices.myCircle.EssentialFeedTests;
				PRODUCT_NAME = "$(TARGET_NAME)";
				SUPPORTED_PLATFORMS = "macosx iphonesimulator iphoneos";
				SWIFT_EMIT_LOC_STRINGS = NO;
				SWIFT_VERSION = 5.0;
			};
			name = Release;
		};
		F01586082A9479F600C16172 /* Debug */ = {
			isa = XCBuildConfiguration;
			buildSettings = {
				CODE_SIGN_STYLE = Automatic;
				CURRENT_PROJECT_VERSION = 1;
				DEFINES_MODULE = YES;
				DEVELOPMENT_TEAM = S8ULL6G9DZ;
				DYLIB_COMPATIBILITY_VERSION = 1;
				DYLIB_CURRENT_VERSION = 1;
				DYLIB_INSTALL_NAME_BASE = "@rpath";
				ENABLE_MODULE_VERIFIER = YES;
				GENERATE_INFOPLIST_FILE = YES;
				INFOPLIST_KEY_NSHumanReadableCopyright = "";
				INSTALL_PATH = "$(LOCAL_LIBRARY_DIR)/Frameworks";
				IPHONEOS_DEPLOYMENT_TARGET = 16.4;
				LD_RUNPATH_SEARCH_PATHS = (
					"$(inherited)",
					"@executable_path/Frameworks",
					"@loader_path/Frameworks",
				);
				MARKETING_VERSION = 1.0;
				MODULE_VERIFIER_SUPPORTED_LANGUAGES = "objective-c objective-c++";
				MODULE_VERIFIER_SUPPORTED_LANGUAGE_STANDARDS = "gnu11 gnu++20";
				PRODUCT_BUNDLE_IDENTIFIER = io.quantumitservices.myCircle.EssentialFeediOS;
				PRODUCT_NAME = "$(TARGET_NAME:c99extidentifier)";
				SDKROOT = iphoneos;
				SKIP_INSTALL = YES;
				SWIFT_EMIT_LOC_STRINGS = YES;
				SWIFT_VERSION = 5.0;
				TARGETED_DEVICE_FAMILY = "1,2";
			};
			name = Debug;
		};
		F01586092A9479F600C16172 /* Release */ = {
			isa = XCBuildConfiguration;
			buildSettings = {
				CODE_SIGN_STYLE = Automatic;
				CURRENT_PROJECT_VERSION = 1;
				DEFINES_MODULE = YES;
				DEVELOPMENT_TEAM = S8ULL6G9DZ;
				DYLIB_COMPATIBILITY_VERSION = 1;
				DYLIB_CURRENT_VERSION = 1;
				DYLIB_INSTALL_NAME_BASE = "@rpath";
				ENABLE_MODULE_VERIFIER = YES;
				GENERATE_INFOPLIST_FILE = YES;
				INFOPLIST_KEY_NSHumanReadableCopyright = "";
				INSTALL_PATH = "$(LOCAL_LIBRARY_DIR)/Frameworks";
				IPHONEOS_DEPLOYMENT_TARGET = 16.4;
				LD_RUNPATH_SEARCH_PATHS = (
					"$(inherited)",
					"@executable_path/Frameworks",
					"@loader_path/Frameworks",
				);
				MARKETING_VERSION = 1.0;
				MODULE_VERIFIER_SUPPORTED_LANGUAGES = "objective-c objective-c++";
				MODULE_VERIFIER_SUPPORTED_LANGUAGE_STANDARDS = "gnu11 gnu++20";
				PRODUCT_BUNDLE_IDENTIFIER = io.quantumitservices.myCircle.EssentialFeediOS;
				PRODUCT_NAME = "$(TARGET_NAME:c99extidentifier)";
				SDKROOT = iphoneos;
				SKIP_INSTALL = YES;
				SWIFT_EMIT_LOC_STRINGS = YES;
				SWIFT_VERSION = 5.0;
				TARGETED_DEVICE_FAMILY = "1,2";
				VALIDATE_PRODUCT = YES;
			};
			name = Release;
		};
		F015860B2A9479F600C16172 /* Debug */ = {
			isa = XCBuildConfiguration;
			buildSettings = {
				ALWAYS_EMBED_SWIFT_STANDARD_LIBRARIES = YES;
				CLANG_ENABLE_MODULES = YES;
				CODE_SIGN_STYLE = Automatic;
				CURRENT_PROJECT_VERSION = 1;
				DEVELOPMENT_TEAM = S8ULL6G9DZ;
				GENERATE_INFOPLIST_FILE = YES;
				IPHONEOS_DEPLOYMENT_TARGET = 16.4;
				MARKETING_VERSION = 1.0;
				PRODUCT_BUNDLE_IDENTIFIER = io.quantumitservices.myCircle.EssentialFeediOSTests;
				PRODUCT_NAME = "$(TARGET_NAME)";
				SDKROOT = iphoneos;
				SWIFT_EMIT_LOC_STRINGS = NO;
				SWIFT_OPTIMIZATION_LEVEL = "-Onone";
				SWIFT_VERSION = 5.0;
				TARGETED_DEVICE_FAMILY = "1,2";
			};
			name = Debug;
		};
		F015860C2A9479F600C16172 /* Release */ = {
			isa = XCBuildConfiguration;
			buildSettings = {
				ALWAYS_EMBED_SWIFT_STANDARD_LIBRARIES = YES;
				CLANG_ENABLE_MODULES = YES;
				CODE_SIGN_STYLE = Automatic;
				CURRENT_PROJECT_VERSION = 1;
				DEVELOPMENT_TEAM = S8ULL6G9DZ;
				GENERATE_INFOPLIST_FILE = YES;
				IPHONEOS_DEPLOYMENT_TARGET = 16.4;
				MARKETING_VERSION = 1.0;
				PRODUCT_BUNDLE_IDENTIFIER = io.quantumitservices.myCircle.EssentialFeediOSTests;
				PRODUCT_NAME = "$(TARGET_NAME)";
				SDKROOT = iphoneos;
				SWIFT_EMIT_LOC_STRINGS = NO;
				SWIFT_VERSION = 5.0;
				TARGETED_DEVICE_FAMILY = "1,2";
				VALIDATE_PRODUCT = YES;
			};
			name = Release;
		};
		F02534482A8F38AC0065ECB3 /* Debug */ = {
			isa = XCBuildConfiguration;
			buildSettings = {
				CODE_SIGN_STYLE = Automatic;
				CURRENT_PROJECT_VERSION = 1;
				DEVELOPMENT_TEAM = S8ULL6G9DZ;
				GENERATE_INFOPLIST_FILE = YES;
				MARKETING_VERSION = 1.0;
				PRODUCT_BUNDLE_IDENTIFIER = io.quantumitservices.myCircle.EssentialFeedCacheIntegrationTests;
				PRODUCT_NAME = "$(TARGET_NAME)";
				SUPPORTED_PLATFORMS = "macosx iphoneos iphonesimulator";
				SWIFT_EMIT_LOC_STRINGS = NO;
				SWIFT_VERSION = 5.0;
			};
			name = Debug;
		};
		F02534492A8F38AC0065ECB3 /* Release */ = {
			isa = XCBuildConfiguration;
			buildSettings = {
				CODE_SIGN_STYLE = Automatic;
				CURRENT_PROJECT_VERSION = 1;
				DEVELOPMENT_TEAM = S8ULL6G9DZ;
				GENERATE_INFOPLIST_FILE = YES;
				MARKETING_VERSION = 1.0;
				PRODUCT_BUNDLE_IDENTIFIER = io.quantumitservices.myCircle.EssentialFeedCacheIntegrationTests;
				PRODUCT_NAME = "$(TARGET_NAME)";
				SUPPORTED_PLATFORMS = "macosx iphoneos iphonesimulator";
				SWIFT_EMIT_LOC_STRINGS = NO;
				SWIFT_VERSION = 5.0;
			};
			name = Release;
		};
		F07744D02A4C552800991C0F /* Debug */ = {
			isa = XCBuildConfiguration;
			buildSettings = {
				CODE_SIGN_STYLE = Automatic;
				CURRENT_PROJECT_VERSION = 1;
				DEVELOPMENT_TEAM = S8ULL6G9DZ;
				GENERATE_INFOPLIST_FILE = YES;
				MACOSX_DEPLOYMENT_TARGET = 13.0;
				MARKETING_VERSION = 1.0;
				PRODUCT_BUNDLE_IDENTIFIER = io.quantumitservices.myCircle.EssentialFeedAPIEndToEndTests;
				PRODUCT_NAME = "$(TARGET_NAME)";
				SUPPORTED_PLATFORMS = "macosx iphoneos iphonesimulator";
				SWIFT_EMIT_LOC_STRINGS = NO;
				SWIFT_VERSION = 5.0;
			};
			name = Debug;
		};
		F07744D12A4C552800991C0F /* Release */ = {
			isa = XCBuildConfiguration;
			buildSettings = {
				CODE_SIGN_STYLE = Automatic;
				CURRENT_PROJECT_VERSION = 1;
				DEVELOPMENT_TEAM = S8ULL6G9DZ;
				GENERATE_INFOPLIST_FILE = YES;
				MACOSX_DEPLOYMENT_TARGET = 13.0;
				MARKETING_VERSION = 1.0;
				PRODUCT_BUNDLE_IDENTIFIER = io.quantumitservices.myCircle.EssentialFeedAPIEndToEndTests;
				PRODUCT_NAME = "$(TARGET_NAME)";
				SUPPORTED_PLATFORMS = "macosx iphoneos iphonesimulator";
				SWIFT_EMIT_LOC_STRINGS = NO;
				SWIFT_VERSION = 5.0;
			};
			name = Release;
		};
/* End XCBuildConfiguration section */

/* Begin XCConfigurationList section */
		F0037D052A3ABF9B00FC2268 /* Build configuration list for PBXProject "EssentialFeed" */ = {
			isa = XCConfigurationList;
			buildConfigurations = (
				F0037D1D2A3ABF9C00FC2268 /* Debug */,
				F0037D1E2A3ABF9C00FC2268 /* Release */,
			);
			defaultConfigurationIsVisible = 0;
			defaultConfigurationName = Release;
		};
		F0037D1F2A3ABF9C00FC2268 /* Build configuration list for PBXNativeTarget "EssentialFeed" */ = {
			isa = XCConfigurationList;
			buildConfigurations = (
				F0037D202A3ABF9C00FC2268 /* Debug */,
				F0037D212A3ABF9C00FC2268 /* Release */,
			);
			defaultConfigurationIsVisible = 0;
			defaultConfigurationName = Release;
		};
		F0037D222A3ABF9C00FC2268 /* Build configuration list for PBXNativeTarget "EssentialFeedTests" */ = {
			isa = XCConfigurationList;
			buildConfigurations = (
				F0037D232A3ABF9C00FC2268 /* Debug */,
				F0037D242A3ABF9C00FC2268 /* Release */,
			);
			defaultConfigurationIsVisible = 0;
			defaultConfigurationName = Release;
		};
		F01586072A9479F600C16172 /* Build configuration list for PBXNativeTarget "EssentialFeediOS" */ = {
			isa = XCConfigurationList;
			buildConfigurations = (
				F01586082A9479F600C16172 /* Debug */,
				F01586092A9479F600C16172 /* Release */,
			);
			defaultConfigurationIsVisible = 0;
			defaultConfigurationName = Release;
		};
		F015860A2A9479F600C16172 /* Build configuration list for PBXNativeTarget "EssentialFeediOSTests" */ = {
			isa = XCConfigurationList;
			buildConfigurations = (
				F015860B2A9479F600C16172 /* Debug */,
				F015860C2A9479F600C16172 /* Release */,
			);
			defaultConfigurationIsVisible = 0;
			defaultConfigurationName = Release;
		};
		F025344A2A8F38AC0065ECB3 /* Build configuration list for PBXNativeTarget "EssentialFeedCacheIntegrationTests" */ = {
			isa = XCConfigurationList;
			buildConfigurations = (
				F02534482A8F38AC0065ECB3 /* Debug */,
				F02534492A8F38AC0065ECB3 /* Release */,
			);
			defaultConfigurationIsVisible = 0;
			defaultConfigurationName = Release;
		};
		F07744CF2A4C552800991C0F /* Build configuration list for PBXNativeTarget "EssentialFeedAPIEndToEndTests" */ = {
			isa = XCConfigurationList;
			buildConfigurations = (
				F07744D02A4C552800991C0F /* Debug */,
				F07744D12A4C552800991C0F /* Release */,
			);
			defaultConfigurationIsVisible = 0;
			defaultConfigurationName = Release;
		};
/* End XCConfigurationList section */

/* Begin XCVersionGroup section */
		F04935972A82A4B000253238 /* FeedStore.xcdatamodeld */ = {
			isa = XCVersionGroup;
			children = (
				F04935982A82A4B000253238 /* FeedStore.xcdatamodel */,
			);
			currentVersion = F04935982A82A4B000253238 /* FeedStore.xcdatamodel */;
			path = FeedStore.xcdatamodeld;
			sourceTree = "<group>";
			versionGroupType = wrapper.xcdatamodel;
		};
/* End XCVersionGroup section */
	};
	rootObject = F0037D022A3ABF9B00FC2268 /* Project object */;
}
