// !$*UTF8*$!
{
	archiveVersion = 1;
	classes = {
	};
	objectVersion = 56;
	objects = {

/* Begin PBXBuildFile section */
		F01B7B0E2AB4113D00CF5F0E /* EssentialAppUIAcceptanceTests.swift in Sources */ = {isa = PBXBuildFile; fileRef = F01B7B0D2AB4113D00CF5F0E /* EssentialAppUIAcceptanceTests.swift */; };
		F02927412AB2BD4500CC5D33 /* FeedImageDataLoaderWithFallbackComposite.swift in Sources */ = {isa = PBXBuildFile; fileRef = F02927402AB2BD4500CC5D33 /* FeedImageDataLoaderWithFallbackComposite.swift */; };
		F02927442AB2BDD700CC5D33 /* XCTestCase+MemoryLeakTracking.swift in Sources */ = {isa = PBXBuildFile; fileRef = F02927432AB2BDD700CC5D33 /* XCTestCase+MemoryLeakTracking.swift */; };
		F02927462AB2BE3E00CC5D33 /* SharedTestHelpers.swift in Sources */ = {isa = PBXBuildFile; fileRef = F02927452AB2BE3E00CC5D33 /* SharedTestHelpers.swift */; };
		F02927482AB2E2B300CC5D33 /* FeedLoaderCacheDecoratorTests.swift in Sources */ = {isa = PBXBuildFile; fileRef = F02927472AB2E2B300CC5D33 /* FeedLoaderCacheDecoratorTests.swift */; };
		F029274A2AB2E7D500CC5D33 /* FeedLoaderStub.swift in Sources */ = {isa = PBXBuildFile; fileRef = F02927492AB2E7D500CC5D33 /* FeedLoaderStub.swift */; };
		F029274C2AB2E89700CC5D33 /* XCTestCase+FeedLoader.swift in Sources */ = {isa = PBXBuildFile; fileRef = F029274B2AB2E89700CC5D33 /* XCTestCase+FeedLoader.swift */; };
		F02927512AB2F1D300CC5D33 /* FeedLoaderCacheDecorator.swift in Sources */ = {isa = PBXBuildFile; fileRef = F02927502AB2F1D300CC5D33 /* FeedLoaderCacheDecorator.swift */; };
		F02927532AB2FCA900CC5D33 /* FeedImageDataCacheDecoratorTests.swift in Sources */ = {isa = PBXBuildFile; fileRef = F02927522AB2FCA900CC5D33 /* FeedImageDataCacheDecoratorTests.swift */; };
		F02927552AB301D300CC5D33 /* FeedImageDataLoaderSpy.swift in Sources */ = {isa = PBXBuildFile; fileRef = F02927542AB301D300CC5D33 /* FeedImageDataLoaderSpy.swift */; };
		F02927572AB3025D00CC5D33 /* XCTestCase+FeedImageDataLoder.swift in Sources */ = {isa = PBXBuildFile; fileRef = F02927562AB3025D00CC5D33 /* XCTestCase+FeedImageDataLoder.swift */; };
		F029275B2AB305EA00CC5D33 /* FeedImageDataCacheDecorator.swift in Sources */ = {isa = PBXBuildFile; fileRef = F029275A2AB305EA00CC5D33 /* FeedImageDataCacheDecorator.swift */; };
		F0308D552AB8051000CCEB2F /* DebuggingSceneDelegate.swift in Sources */ = {isa = PBXBuildFile; fileRef = F0308D542AB8051000CCEB2F /* DebuggingSceneDelegate.swift */; };
		F0A3A7E22AB9550B0049D8AB /* SceneDelegateTests.swift in Sources */ = {isa = PBXBuildFile; fileRef = F0A3A7E12AB9550B0049D8AB /* SceneDelegateTests.swift */; };
		F0A3A7F92AB959DB0049D8AB /* FeedImageDataLoaderPresentationAdapter.swift in Sources */ = {isa = PBXBuildFile; fileRef = F0A3A7F32AB959DB0049D8AB /* FeedImageDataLoaderPresentationAdapter.swift */; };
		F0A3A7FA2AB959DB0049D8AB /* FeedViewAdapter.swift in Sources */ = {isa = PBXBuildFile; fileRef = F0A3A7F42AB959DB0049D8AB /* FeedViewAdapter.swift */; };
		F0A3A7FB2AB959DB0049D8AB /* WeakRefVirtualProxy.swift in Sources */ = {isa = PBXBuildFile; fileRef = F0A3A7F52AB959DB0049D8AB /* WeakRefVirtualProxy.swift */; };
		F0A3A7FC2AB959DB0049D8AB /* FeedUIComposer.swift in Sources */ = {isa = PBXBuildFile; fileRef = F0A3A7F62AB959DB0049D8AB /* FeedUIComposer.swift */; };
		F0A3A7FD2AB959DB0049D8AB /* FeedLoaderPresentationAdapter.swift in Sources */ = {isa = PBXBuildFile; fileRef = F0A3A7F72AB959DB0049D8AB /* FeedLoaderPresentationAdapter.swift */; };
		F0A3A7FE2AB959DB0049D8AB /* MainQueueDispatchDecorator.swift in Sources */ = {isa = PBXBuildFile; fileRef = F0A3A7F82AB959DB0049D8AB /* MainQueueDispatchDecorator.swift */; };
		F0A3A8012AB95A420049D8AB /* FeedUIIntegrationTests.swift in Sources */ = {isa = PBXBuildFile; fileRef = F0A3A8002AB95A420049D8AB /* FeedUIIntegrationTests.swift */; };
		F0A3A8022AB95A420049D8AB /* FeedViewControllerTests+Localization.swift in Sources */ = {isa = PBXBuildFile; fileRef = F0A3A7FF2AB95A410049D8AB /* FeedViewControllerTests+Localization.swift */; };
		F0A3A8042AB95C920049D8AB /* FeedAcceptanceTests.swift in Sources */ = {isa = PBXBuildFile; fileRef = F0A3A8032AB95C920049D8AB /* FeedAcceptanceTests.swift */; };
		F0AAAA942AAB1A8200D290DB /* EssentialFeed.framework in Frameworks */ = {isa = PBXBuildFile; fileRef = F0AAAA922AAB1A8200D290DB /* EssentialFeed.framework */; };
		F0AAAA952AAB1A8200D290DB /* EssentialFeed.framework in Embed Frameworks */ = {isa = PBXBuildFile; fileRef = F0AAAA922AAB1A8200D290DB /* EssentialFeed.framework */; settings = {ATTRIBUTES = (CodeSignOnCopy, RemoveHeadersOnCopy, ); }; };
		F0AAAA962AAB1A8200D290DB /* EssentialFeediOS.framework in Frameworks */ = {isa = PBXBuildFile; fileRef = F0AAAA932AAB1A8200D290DB /* EssentialFeediOS.framework */; };
		F0AAAA972AAB1A8200D290DB /* EssentialFeediOS.framework in Embed Frameworks */ = {isa = PBXBuildFile; fileRef = F0AAAA932AAB1A8200D290DB /* EssentialFeediOS.framework */; settings = {ATTRIBUTES = (CodeSignOnCopy, RemoveHeadersOnCopy, ); }; };
		F0AEB6F82AB170B000A530D1 /* FeedLoaderWithFallbackCompositeTests.swift in Sources */ = {isa = PBXBuildFile; fileRef = F0AEB6F72AB170B000A530D1 /* FeedLoaderWithFallbackCompositeTests.swift */; };
		F0AEB6FA2AB1A93700A530D1 /* FeedLoaderWithFallbackComposite.swift in Sources */ = {isa = PBXBuildFile; fileRef = F0AEB6F92AB1A93700A530D1 /* FeedLoaderWithFallbackComposite.swift */; };
		F0AEB6FD2AB1C69B00A530D1 /* FeedImageDataLoaderWithFallbackComposite.swift in Sources */ = {isa = PBXBuildFile; fileRef = F0AEB6FC2AB1C69B00A530D1 /* FeedImageDataLoaderWithFallbackComposite.swift */; };
		F0C03EFA2AAB188C00751309 /* AppDelegate.swift in Sources */ = {isa = PBXBuildFile; fileRef = F0C03EF92AAB188C00751309 /* AppDelegate.swift */; };
		F0C03EFC2AAB188C00751309 /* SceneDelegate.swift in Sources */ = {isa = PBXBuildFile; fileRef = F0C03EFB2AAB188C00751309 /* SceneDelegate.swift */; };
		F0C03EFE2AAB188C00751309 /* ViewController.swift in Sources */ = {isa = PBXBuildFile; fileRef = F0C03EFD2AAB188C00751309 /* ViewController.swift */; };
		F0C03F012AAB188C00751309 /* Main.storyboard in Resources */ = {isa = PBXBuildFile; fileRef = F0C03EFF2AAB188C00751309 /* Main.storyboard */; };
		F0C03F032AAB188E00751309 /* Assets.xcassets in Resources */ = {isa = PBXBuildFile; fileRef = F0C03F022AAB188E00751309 /* Assets.xcassets */; };
		F0C03F062AAB188E00751309 /* LaunchScreen.storyboard in Resources */ = {isa = PBXBuildFile; fileRef = F0C03F042AAB188E00751309 /* LaunchScreen.storyboard */; };
/* End PBXBuildFile section */

/* Begin PBXContainerItemProxy section */
		F01B7B112AB4113D00CF5F0E /* PBXContainerItemProxy */ = {
			isa = PBXContainerItemProxy;
			containerPortal = F0C03EEE2AAB188C00751309 /* Project object */;
			proxyType = 1;
			remoteGlobalIDString = F0C03EF52AAB188C00751309;
			remoteInfo = EssentialApp;
		};
		F0AEB6F22AB1708C00A530D1 /* PBXContainerItemProxy */ = {
			isa = PBXContainerItemProxy;
			containerPortal = F0C03EEE2AAB188C00751309 /* Project object */;
			proxyType = 1;
			remoteGlobalIDString = F0C03EF52AAB188C00751309;
			remoteInfo = EssentialApp;
		};
/* End PBXContainerItemProxy section */

/* Begin PBXCopyFilesBuildPhase section */
		F0AAAA982AAB1A8200D290DB /* Embed Frameworks */ = {
			isa = PBXCopyFilesBuildPhase;
			buildActionMask = 2147483647;
			dstPath = "";
			dstSubfolderSpec = 10;
			files = (
				F0AAAA952AAB1A8200D290DB /* EssentialFeed.framework in Embed Frameworks */,
				F0AAAA972AAB1A8200D290DB /* EssentialFeediOS.framework in Embed Frameworks */,
			);
			name = "Embed Frameworks";
			runOnlyForDeploymentPostprocessing = 0;
		};
/* End PBXCopyFilesBuildPhase section */

/* Begin PBXFileReference section */
		F01B7B0B2AB4113D00CF5F0E /* EssentialAppUIAcceptanceTests.xctest */ = {isa = PBXFileReference; explicitFileType = wrapper.cfbundle; includeInIndex = 0; path = EssentialAppUIAcceptanceTests.xctest; sourceTree = BUILT_PRODUCTS_DIR; };
		F01B7B0D2AB4113D00CF5F0E /* EssentialAppUIAcceptanceTests.swift */ = {isa = PBXFileReference; lastKnownFileType = sourcecode.swift; path = EssentialAppUIAcceptanceTests.swift; sourceTree = "<group>"; };
		F02927402AB2BD4500CC5D33 /* FeedImageDataLoaderWithFallbackComposite.swift */ = {isa = PBXFileReference; lastKnownFileType = sourcecode.swift; path = FeedImageDataLoaderWithFallbackComposite.swift; sourceTree = "<group>"; };
		F02927432AB2BDD700CC5D33 /* XCTestCase+MemoryLeakTracking.swift */ = {isa = PBXFileReference; lastKnownFileType = sourcecode.swift; path = "XCTestCase+MemoryLeakTracking.swift"; sourceTree = "<group>"; };
		F02927452AB2BE3E00CC5D33 /* SharedTestHelpers.swift */ = {isa = PBXFileReference; lastKnownFileType = sourcecode.swift; path = SharedTestHelpers.swift; sourceTree = "<group>"; };
		F02927472AB2E2B300CC5D33 /* FeedLoaderCacheDecoratorTests.swift */ = {isa = PBXFileReference; lastKnownFileType = sourcecode.swift; path = FeedLoaderCacheDecoratorTests.swift; sourceTree = "<group>"; };
		F02927492AB2E7D500CC5D33 /* FeedLoaderStub.swift */ = {isa = PBXFileReference; lastKnownFileType = sourcecode.swift; path = FeedLoaderStub.swift; sourceTree = "<group>"; };
		F029274B2AB2E89700CC5D33 /* XCTestCase+FeedLoader.swift */ = {isa = PBXFileReference; lastKnownFileType = sourcecode.swift; path = "XCTestCase+FeedLoader.swift"; sourceTree = "<group>"; };
		F02927502AB2F1D300CC5D33 /* FeedLoaderCacheDecorator.swift */ = {isa = PBXFileReference; lastKnownFileType = sourcecode.swift; path = FeedLoaderCacheDecorator.swift; sourceTree = "<group>"; };
		F02927522AB2FCA900CC5D33 /* FeedImageDataCacheDecoratorTests.swift */ = {isa = PBXFileReference; lastKnownFileType = sourcecode.swift; path = FeedImageDataCacheDecoratorTests.swift; sourceTree = "<group>"; };
		F02927542AB301D300CC5D33 /* FeedImageDataLoaderSpy.swift */ = {isa = PBXFileReference; lastKnownFileType = sourcecode.swift; path = FeedImageDataLoaderSpy.swift; sourceTree = "<group>"; };
		F02927562AB3025D00CC5D33 /* XCTestCase+FeedImageDataLoder.swift */ = {isa = PBXFileReference; lastKnownFileType = sourcecode.swift; path = "XCTestCase+FeedImageDataLoder.swift"; sourceTree = "<group>"; };
		F029275A2AB305EA00CC5D33 /* FeedImageDataCacheDecorator.swift */ = {isa = PBXFileReference; lastKnownFileType = sourcecode.swift; path = FeedImageDataCacheDecorator.swift; sourceTree = "<group>"; };
		F0308D532AB7FEE800CCEB2F /* EssentialAppUIAcceptanceTests.xctestplan */ = {isa = PBXFileReference; lastKnownFileType = text; path = EssentialAppUIAcceptanceTests.xctestplan; sourceTree = "<group>"; };
		F0308D542AB8051000CCEB2F /* DebuggingSceneDelegate.swift */ = {isa = PBXFileReference; lastKnownFileType = sourcecode.swift; path = DebuggingSceneDelegate.swift; sourceTree = "<group>"; };
		F0A3A7E12AB9550B0049D8AB /* SceneDelegateTests.swift */ = {isa = PBXFileReference; lastKnownFileType = sourcecode.swift; path = SceneDelegateTests.swift; sourceTree = "<group>"; };
		F0A3A7E52AB9565C0049D8AB /* EssentialApp.xctestplan */ = {isa = PBXFileReference; lastKnownFileType = text; path = EssentialApp.xctestplan; sourceTree = "<group>"; };
		F0A3A7F32AB959DB0049D8AB /* FeedImageDataLoaderPresentationAdapter.swift */ = {isa = PBXFileReference; fileEncoding = 4; lastKnownFileType = sourcecode.swift; path = FeedImageDataLoaderPresentationAdapter.swift; sourceTree = "<group>"; };
		F0A3A7F42AB959DB0049D8AB /* FeedViewAdapter.swift */ = {isa = PBXFileReference; fileEncoding = 4; lastKnownFileType = sourcecode.swift; path = FeedViewAdapter.swift; sourceTree = "<group>"; };
		F0A3A7F52AB959DB0049D8AB /* WeakRefVirtualProxy.swift */ = {isa = PBXFileReference; fileEncoding = 4; lastKnownFileType = sourcecode.swift; path = WeakRefVirtualProxy.swift; sourceTree = "<group>"; };
		F0A3A7F62AB959DB0049D8AB /* FeedUIComposer.swift */ = {isa = PBXFileReference; fileEncoding = 4; lastKnownFileType = sourcecode.swift; path = FeedUIComposer.swift; sourceTree = "<group>"; };
		F0A3A7F72AB959DB0049D8AB /* FeedLoaderPresentationAdapter.swift */ = {isa = PBXFileReference; fileEncoding = 4; lastKnownFileType = sourcecode.swift; path = FeedLoaderPresentationAdapter.swift; sourceTree = "<group>"; };
		F0A3A7F82AB959DB0049D8AB /* MainQueueDispatchDecorator.swift */ = {isa = PBXFileReference; fileEncoding = 4; lastKnownFileType = sourcecode.swift; path = MainQueueDispatchDecorator.swift; sourceTree = "<group>"; };
		F0A3A7FF2AB95A410049D8AB /* FeedViewControllerTests+Localization.swift */ = {isa = PBXFileReference; lastKnownFileType = sourcecode.swift; path = "FeedViewControllerTests+Localization.swift"; sourceTree = "<group>"; };
		F0A3A8002AB95A420049D8AB /* FeedUIIntegrationTests.swift */ = {isa = PBXFileReference; lastKnownFileType = sourcecode.swift; path = FeedUIIntegrationTests.swift; sourceTree = "<group>"; };
		F0A3A8032AB95C920049D8AB /* FeedAcceptanceTests.swift */ = {isa = PBXFileReference; lastKnownFileType = sourcecode.swift; path = FeedAcceptanceTests.swift; sourceTree = "<group>"; };
		F0AAAA922AAB1A8200D290DB /* EssentialFeed.framework */ = {isa = PBXFileReference; explicitFileType = wrapper.framework; path = EssentialFeed.framework; sourceTree = BUILT_PRODUCTS_DIR; };
		F0AAAA932AAB1A8200D290DB /* EssentialFeediOS.framework */ = {isa = PBXFileReference; explicitFileType = wrapper.framework; path = EssentialFeediOS.framework; sourceTree = BUILT_PRODUCTS_DIR; };
		F0AEB6EE2AB1708C00A530D1 /* EssentialAppTests.xctest */ = {isa = PBXFileReference; explicitFileType = wrapper.cfbundle; includeInIndex = 0; path = EssentialAppTests.xctest; sourceTree = BUILT_PRODUCTS_DIR; };
		F0AEB6F72AB170B000A530D1 /* FeedLoaderWithFallbackCompositeTests.swift */ = {isa = PBXFileReference; lastKnownFileType = sourcecode.swift; path = FeedLoaderWithFallbackCompositeTests.swift; sourceTree = "<group>"; };
		F0AEB6F92AB1A93700A530D1 /* FeedLoaderWithFallbackComposite.swift */ = {isa = PBXFileReference; lastKnownFileType = sourcecode.swift; path = FeedLoaderWithFallbackComposite.swift; sourceTree = "<group>"; };
		F0AEB6FC2AB1C69B00A530D1 /* FeedImageDataLoaderWithFallbackComposite.swift */ = {isa = PBXFileReference; lastKnownFileType = sourcecode.swift; path = FeedImageDataLoaderWithFallbackComposite.swift; sourceTree = "<group>"; };
		F0C03EF62AAB188C00751309 /* EssentialApp.app */ = {isa = PBXFileReference; explicitFileType = wrapper.application; includeInIndex = 0; path = EssentialApp.app; sourceTree = BUILT_PRODUCTS_DIR; };
		F0C03EF92AAB188C00751309 /* AppDelegate.swift */ = {isa = PBXFileReference; lastKnownFileType = sourcecode.swift; path = AppDelegate.swift; sourceTree = "<group>"; };
		F0C03EFB2AAB188C00751309 /* SceneDelegate.swift */ = {isa = PBXFileReference; lastKnownFileType = sourcecode.swift; path = SceneDelegate.swift; sourceTree = "<group>"; };
		F0C03EFD2AAB188C00751309 /* ViewController.swift */ = {isa = PBXFileReference; lastKnownFileType = sourcecode.swift; path = ViewController.swift; sourceTree = "<group>"; };
		F0C03F002AAB188C00751309 /* Base */ = {isa = PBXFileReference; lastKnownFileType = file.storyboard; name = Base; path = Base.lproj/Main.storyboard; sourceTree = "<group>"; };
		F0C03F022AAB188E00751309 /* Assets.xcassets */ = {isa = PBXFileReference; lastKnownFileType = folder.assetcatalog; path = Assets.xcassets; sourceTree = "<group>"; };
		F0C03F052AAB188E00751309 /* Base */ = {isa = PBXFileReference; lastKnownFileType = file.storyboard; name = Base; path = Base.lproj/LaunchScreen.storyboard; sourceTree = "<group>"; };
		F0C03F072AAB188E00751309 /* Info.plist */ = {isa = PBXFileReference; lastKnownFileType = text.plist.xml; path = Info.plist; sourceTree = "<group>"; };
/* End PBXFileReference section */

/* Begin PBXFrameworksBuildPhase section */
		F01B7B082AB4113D00CF5F0E /* Frameworks */ = {
			isa = PBXFrameworksBuildPhase;
			buildActionMask = 2147483647;
			files = (
			);
			runOnlyForDeploymentPostprocessing = 0;
		};
		F0AEB6EB2AB1708C00A530D1 /* Frameworks */ = {
			isa = PBXFrameworksBuildPhase;
			buildActionMask = 2147483647;
			files = (
			);
			runOnlyForDeploymentPostprocessing = 0;
		};
		F0C03EF32AAB188C00751309 /* Frameworks */ = {
			isa = PBXFrameworksBuildPhase;
			buildActionMask = 2147483647;
			files = (
				F0AAAA942AAB1A8200D290DB /* EssentialFeed.framework in Frameworks */,
				F0AAAA962AAB1A8200D290DB /* EssentialFeediOS.framework in Frameworks */,
			);
			runOnlyForDeploymentPostprocessing = 0;
		};
/* End PBXFrameworksBuildPhase section */

/* Begin PBXGroup section */
		F01B7B0C2AB4113D00CF5F0E /* EssentialAppUIAcceptanceTests */ = {
			isa = PBXGroup;
			children = (
				F01B7B0D2AB4113D00CF5F0E /* EssentialAppUIAcceptanceTests.swift */,
				F0308D532AB7FEE800CCEB2F /* EssentialAppUIAcceptanceTests.xctestplan */,
			);
			path = EssentialAppUIAcceptanceTests;
			sourceTree = "<group>";
		};
		F02927422AB2BDC100CC5D33 /* Helpers */ = {
			isa = PBXGroup;
			children = (
				F02927432AB2BDD700CC5D33 /* XCTestCase+MemoryLeakTracking.swift */,
				F02927452AB2BE3E00CC5D33 /* SharedTestHelpers.swift */,
				F02927492AB2E7D500CC5D33 /* FeedLoaderStub.swift */,
				F029274B2AB2E89700CC5D33 /* XCTestCase+FeedLoader.swift */,
				F02927542AB301D300CC5D33 /* FeedImageDataLoaderSpy.swift */,
				F02927562AB3025D00CC5D33 /* XCTestCase+FeedImageDataLoder.swift */,
			);
			path = Helpers;
			sourceTree = "<group>";
		};
		F0AAAA912AAB1A8200D290DB /* Frameworks */ = {
			isa = PBXGroup;
			children = (
				F0AAAA922AAB1A8200D290DB /* EssentialFeed.framework */,
				F0AAAA932AAB1A8200D290DB /* EssentialFeediOS.framework */,
			);
			name = Frameworks;
			sourceTree = "<group>";
		};
		F0AEB6EF2AB1708C00A530D1 /* EssentialAppTests */ = {
			isa = PBXGroup;
			children = (
				F02927422AB2BDC100CC5D33 /* Helpers */,
				F0AEB6F72AB170B000A530D1 /* FeedLoaderWithFallbackCompositeTests.swift */,
				F0AEB6FC2AB1C69B00A530D1 /* FeedImageDataLoaderWithFallbackComposite.swift */,
				F02927472AB2E2B300CC5D33 /* FeedLoaderCacheDecoratorTests.swift */,
				F02927522AB2FCA900CC5D33 /* FeedImageDataCacheDecoratorTests.swift */,
				F0A3A7E12AB9550B0049D8AB /* SceneDelegateTests.swift */,
				F0A3A8002AB95A420049D8AB /* FeedUIIntegrationTests.swift */,
				F0A3A7FF2AB95A410049D8AB /* FeedViewControllerTests+Localization.swift */,
				F0A3A8032AB95C920049D8AB /* FeedAcceptanceTests.swift */,
				F0A3A7E52AB9565C0049D8AB /* EssentialApp.xctestplan */,
			);
			path = EssentialAppTests;
			sourceTree = "<group>";
		};
		F0C03EED2AAB188C00751309 = {
			isa = PBXGroup;
			children = (
				F0C03EF82AAB188C00751309 /* EssentialApp */,
				F0AEB6EF2AB1708C00A530D1 /* EssentialAppTests */,
				F01B7B0C2AB4113D00CF5F0E /* EssentialAppUIAcceptanceTests */,
				F0C03EF72AAB188C00751309 /* Products */,
				F0AAAA912AAB1A8200D290DB /* Frameworks */,
			);
			sourceTree = "<group>";
		};
		F0C03EF72AAB188C00751309 /* Products */ = {
			isa = PBXGroup;
			children = (
				F0C03EF62AAB188C00751309 /* EssentialApp.app */,
				F0AEB6EE2AB1708C00A530D1 /* EssentialAppTests.xctest */,
				F01B7B0B2AB4113D00CF5F0E /* EssentialAppUIAcceptanceTests.xctest */,
			);
			name = Products;
			sourceTree = "<group>";
		};
		F0C03EF82AAB188C00751309 /* EssentialApp */ = {
			isa = PBXGroup;
			children = (
				F0C03EF92AAB188C00751309 /* AppDelegate.swift */,
				F0C03EFB2AAB188C00751309 /* SceneDelegate.swift */,
				F0C03EFD2AAB188C00751309 /* ViewController.swift */,
				F0C03EFF2AAB188C00751309 /* Main.storyboard */,
				F0C03F022AAB188E00751309 /* Assets.xcassets */,
				F0C03F042AAB188E00751309 /* LaunchScreen.storyboard */,
				F0C03F072AAB188E00751309 /* Info.plist */,
				F0AEB6F92AB1A93700A530D1 /* FeedLoaderWithFallbackComposite.swift */,
				F02927402AB2BD4500CC5D33 /* FeedImageDataLoaderWithFallbackComposite.swift */,
				F02927502AB2F1D300CC5D33 /* FeedLoaderCacheDecorator.swift */,
				F029275A2AB305EA00CC5D33 /* FeedImageDataCacheDecorator.swift */,
				F0308D542AB8051000CCEB2F /* DebuggingSceneDelegate.swift */,
				F0A3A7F32AB959DB0049D8AB /* FeedImageDataLoaderPresentationAdapter.swift */,
				F0A3A7F72AB959DB0049D8AB /* FeedLoaderPresentationAdapter.swift */,
				F0A3A7F62AB959DB0049D8AB /* FeedUIComposer.swift */,
				F0A3A7F42AB959DB0049D8AB /* FeedViewAdapter.swift */,
				F0A3A7F82AB959DB0049D8AB /* MainQueueDispatchDecorator.swift */,
				F0A3A7F52AB959DB0049D8AB /* WeakRefVirtualProxy.swift */,
			);
			path = EssentialApp;
			sourceTree = "<group>";
		};
/* End PBXGroup section */

/* Begin PBXNativeTarget section */
		F01B7B0A2AB4113D00CF5F0E /* EssentialAppUIAcceptanceTests */ = {
			isa = PBXNativeTarget;
			buildConfigurationList = F01B7B152AB4113D00CF5F0E /* Build configuration list for PBXNativeTarget "EssentialAppUIAcceptanceTests" */;
			buildPhases = (
				F01B7B072AB4113D00CF5F0E /* Sources */,
				F01B7B082AB4113D00CF5F0E /* Frameworks */,
				F01B7B092AB4113D00CF5F0E /* Resources */,
			);
			buildRules = (
			);
			dependencies = (
				F01B7B122AB4113D00CF5F0E /* PBXTargetDependency */,
			);
			name = EssentialAppUIAcceptanceTests;
			productName = EssentialAppUIAcceptanceTests;
			productReference = F01B7B0B2AB4113D00CF5F0E /* EssentialAppUIAcceptanceTests.xctest */;
			productType = "com.apple.product-type.bundle.ui-testing";
		};
		F0AEB6ED2AB1708C00A530D1 /* EssentialAppTests */ = {
			isa = PBXNativeTarget;
			buildConfigurationList = F0AEB6F62AB1708C00A530D1 /* Build configuration list for PBXNativeTarget "EssentialAppTests" */;
			buildPhases = (
				F0AEB6EA2AB1708C00A530D1 /* Sources */,
				F0AEB6EB2AB1708C00A530D1 /* Frameworks */,
				F0AEB6EC2AB1708C00A530D1 /* Resources */,
			);
			buildRules = (
			);
			dependencies = (
				F0AEB6F32AB1708C00A530D1 /* PBXTargetDependency */,
			);
			name = EssentialAppTests;
			productName = EssentialAppTests;
			productReference = F0AEB6EE2AB1708C00A530D1 /* EssentialAppTests.xctest */;
			productType = "com.apple.product-type.bundle.unit-test";
		};
		F0C03EF52AAB188C00751309 /* EssentialApp */ = {
			isa = PBXNativeTarget;
			buildConfigurationList = F0C03F0A2AAB188E00751309 /* Build configuration list for PBXNativeTarget "EssentialApp" */;
			buildPhases = (
				F0C03EF22AAB188C00751309 /* Sources */,
				F0C03EF32AAB188C00751309 /* Frameworks */,
				F0C03EF42AAB188C00751309 /* Resources */,
				F0AAAA982AAB1A8200D290DB /* Embed Frameworks */,
			);
			buildRules = (
			);
			dependencies = (
			);
			name = EssentialApp;
			productName = EssentialApp;
			productReference = F0C03EF62AAB188C00751309 /* EssentialApp.app */;
			productType = "com.apple.product-type.application";
		};
/* End PBXNativeTarget section */

/* Begin PBXProject section */
		F0C03EEE2AAB188C00751309 /* Project object */ = {
			isa = PBXProject;
			attributes = {
				BuildIndependentTargetsInParallel = 1;
				LastSwiftUpdateCheck = 1430;
				LastUpgradeCheck = 1430;
				TargetAttributes = {
					F01B7B0A2AB4113D00CF5F0E = {
						CreatedOnToolsVersion = 14.3.1;
						TestTargetID = F0C03EF52AAB188C00751309;
					};
					F0AEB6ED2AB1708C00A530D1 = {
						CreatedOnToolsVersion = 14.3.1;
						LastSwiftMigration = 1430;
						TestTargetID = F0C03EF52AAB188C00751309;
					};
					F0C03EF52AAB188C00751309 = {
						CreatedOnToolsVersion = 14.3.1;
					};
				};
			};
			buildConfigurationList = F0C03EF12AAB188C00751309 /* Build configuration list for PBXProject "EssentialApp" */;
			compatibilityVersion = "Xcode 14.0";
			developmentRegion = en;
			hasScannedForEncodings = 0;
			knownRegions = (
				en,
				Base,
			);
			mainGroup = F0C03EED2AAB188C00751309;
			productRefGroup = F0C03EF72AAB188C00751309 /* Products */;
			projectDirPath = "";
			projectRoot = "";
			targets = (
				F0C03EF52AAB188C00751309 /* EssentialApp */,
				F0AEB6ED2AB1708C00A530D1 /* EssentialAppTests */,
				F01B7B0A2AB4113D00CF5F0E /* EssentialAppUIAcceptanceTests */,
			);
		};
/* End PBXProject section */

/* Begin PBXResourcesBuildPhase section */
		F01B7B092AB4113D00CF5F0E /* Resources */ = {
			isa = PBXResourcesBuildPhase;
			buildActionMask = 2147483647;
			files = (
			);
			runOnlyForDeploymentPostprocessing = 0;
		};
		F0AEB6EC2AB1708C00A530D1 /* Resources */ = {
			isa = PBXResourcesBuildPhase;
			buildActionMask = 2147483647;
			files = (
			);
			runOnlyForDeploymentPostprocessing = 0;
		};
		F0C03EF42AAB188C00751309 /* Resources */ = {
			isa = PBXResourcesBuildPhase;
			buildActionMask = 2147483647;
			files = (
				F0C03F062AAB188E00751309 /* LaunchScreen.storyboard in Resources */,
				F0C03F032AAB188E00751309 /* Assets.xcassets in Resources */,
				F0C03F012AAB188C00751309 /* Main.storyboard in Resources */,
			);
			runOnlyForDeploymentPostprocessing = 0;
		};
/* End PBXResourcesBuildPhase section */

/* Begin PBXSourcesBuildPhase section */
		F01B7B072AB4113D00CF5F0E /* Sources */ = {
			isa = PBXSourcesBuildPhase;
			buildActionMask = 2147483647;
			files = (
				F01B7B0E2AB4113D00CF5F0E /* EssentialAppUIAcceptanceTests.swift in Sources */,
			);
			runOnlyForDeploymentPostprocessing = 0;
		};
		F0AEB6EA2AB1708C00A530D1 /* Sources */ = {
			isa = PBXSourcesBuildPhase;
			buildActionMask = 2147483647;
			files = (
				F0A3A8022AB95A420049D8AB /* FeedViewControllerTests+Localization.swift in Sources */,
				F02927462AB2BE3E00CC5D33 /* SharedTestHelpers.swift in Sources */,
				F029274C2AB2E89700CC5D33 /* XCTestCase+FeedLoader.swift in Sources */,
				F02927482AB2E2B300CC5D33 /* FeedLoaderCacheDecoratorTests.swift in Sources */,
				F0A3A8042AB95C920049D8AB /* FeedAcceptanceTests.swift in Sources */,
				F02927572AB3025D00CC5D33 /* XCTestCase+FeedImageDataLoder.swift in Sources */,
				F0A3A8012AB95A420049D8AB /* FeedUIIntegrationTests.swift in Sources */,
				F0A3A7E22AB9550B0049D8AB /* SceneDelegateTests.swift in Sources */,
				F0AEB6FD2AB1C69B00A530D1 /* FeedImageDataLoaderWithFallbackComposite.swift in Sources */,
				F02927552AB301D300CC5D33 /* FeedImageDataLoaderSpy.swift in Sources */,
				F02927532AB2FCA900CC5D33 /* FeedImageDataCacheDecoratorTests.swift in Sources */,
				F0AEB6F82AB170B000A530D1 /* FeedLoaderWithFallbackCompositeTests.swift in Sources */,
				F029274A2AB2E7D500CC5D33 /* FeedLoaderStub.swift in Sources */,
				F02927442AB2BDD700CC5D33 /* XCTestCase+MemoryLeakTracking.swift in Sources */,
			);
			runOnlyForDeploymentPostprocessing = 0;
		};
		F0C03EF22AAB188C00751309 /* Sources */ = {
			isa = PBXSourcesBuildPhase;
			buildActionMask = 2147483647;
			files = (
				F0A3A7FB2AB959DB0049D8AB /* WeakRefVirtualProxy.swift in Sources */,
				F0A3A7FC2AB959DB0049D8AB /* FeedUIComposer.swift in Sources */,
				F029275B2AB305EA00CC5D33 /* FeedImageDataCacheDecorator.swift in Sources */,
				F0C03EFE2AAB188C00751309 /* ViewController.swift in Sources */,
				F0C03EFA2AAB188C00751309 /* AppDelegate.swift in Sources */,
				F0AEB6FA2AB1A93700A530D1 /* FeedLoaderWithFallbackComposite.swift in Sources */,
				F0A3A7FA2AB959DB0049D8AB /* FeedViewAdapter.swift in Sources */,
				F0308D552AB8051000CCEB2F /* DebuggingSceneDelegate.swift in Sources */,
				F0A3A7FE2AB959DB0049D8AB /* MainQueueDispatchDecorator.swift in Sources */,
				F02927512AB2F1D300CC5D33 /* FeedLoaderCacheDecorator.swift in Sources */,
				F0A3A7FD2AB959DB0049D8AB /* FeedLoaderPresentationAdapter.swift in Sources */,
				F0A3A7F92AB959DB0049D8AB /* FeedImageDataLoaderPresentationAdapter.swift in Sources */,
				F0C03EFC2AAB188C00751309 /* SceneDelegate.swift in Sources */,
				F02927412AB2BD4500CC5D33 /* FeedImageDataLoaderWithFallbackComposite.swift in Sources */,
			);
			runOnlyForDeploymentPostprocessing = 0;
		};
/* End PBXSourcesBuildPhase section */

/* Begin PBXTargetDependency section */
		F01B7B122AB4113D00CF5F0E /* PBXTargetDependency */ = {
			isa = PBXTargetDependency;
			target = F0C03EF52AAB188C00751309 /* EssentialApp */;
			targetProxy = F01B7B112AB4113D00CF5F0E /* PBXContainerItemProxy */;
		};
		F0AEB6F32AB1708C00A530D1 /* PBXTargetDependency */ = {
			isa = PBXTargetDependency;
			target = F0C03EF52AAB188C00751309 /* EssentialApp */;
			targetProxy = F0AEB6F22AB1708C00A530D1 /* PBXContainerItemProxy */;
		};
/* End PBXTargetDependency section */

/* Begin PBXVariantGroup section */
		F0C03EFF2AAB188C00751309 /* Main.storyboard */ = {
			isa = PBXVariantGroup;
			children = (
				F0C03F002AAB188C00751309 /* Base */,
			);
			name = Main.storyboard;
			sourceTree = "<group>";
		};
		F0C03F042AAB188E00751309 /* LaunchScreen.storyboard */ = {
			isa = PBXVariantGroup;
			children = (
				F0C03F052AAB188E00751309 /* Base */,
			);
			name = LaunchScreen.storyboard;
			sourceTree = "<group>";
		};
/* End PBXVariantGroup section */

/* Begin XCBuildConfiguration section */
		F01B7B132AB4113D00CF5F0E /* Debug */ = {
			isa = XCBuildConfiguration;
			buildSettings = {
				CODE_SIGN_STYLE = Automatic;
				CURRENT_PROJECT_VERSION = 1;
				DEVELOPMENT_TEAM = S8ULL6G9DZ;
				GENERATE_INFOPLIST_FILE = YES;
				MARKETING_VERSION = 1.0;
				PRODUCT_BUNDLE_IDENTIFIER = io.quantumitservices.myCircle.EssentialAppUIAcceptanceTests;
				PRODUCT_NAME = "$(TARGET_NAME)";
				SWIFT_EMIT_LOC_STRINGS = NO;
				SWIFT_VERSION = 5.0;
				TARGETED_DEVICE_FAMILY = "1,2";
				TEST_TARGET_NAME = EssentialApp;
			};
			name = Debug;
		};
		F01B7B142AB4113D00CF5F0E /* Release */ = {
			isa = XCBuildConfiguration;
			buildSettings = {
				CODE_SIGN_STYLE = Automatic;
				CURRENT_PROJECT_VERSION = 1;
				DEVELOPMENT_TEAM = S8ULL6G9DZ;
				GENERATE_INFOPLIST_FILE = YES;
				MARKETING_VERSION = 1.0;
				PRODUCT_BUNDLE_IDENTIFIER = io.quantumitservices.myCircle.EssentialAppUIAcceptanceTests;
				PRODUCT_NAME = "$(TARGET_NAME)";
				SWIFT_EMIT_LOC_STRINGS = NO;
				SWIFT_VERSION = 5.0;
				TARGETED_DEVICE_FAMILY = "1,2";
				TEST_TARGET_NAME = EssentialApp;
			};
			name = Release;
		};
		F0AEB6F42AB1708C00A530D1 /* Debug */ = {
			isa = XCBuildConfiguration;
			buildSettings = {
				BUNDLE_LOADER = "$(TEST_HOST)";
				CLANG_ENABLE_MODULES = YES;
				CODE_SIGN_STYLE = Automatic;
				CURRENT_PROJECT_VERSION = 1;
				DEVELOPMENT_TEAM = S8ULL6G9DZ;
				GENERATE_INFOPLIST_FILE = YES;
				MARKETING_VERSION = 1.0;
				PRODUCT_BUNDLE_IDENTIFIER = io.quantumitservices.myCircle.EssentialAppTests;
				PRODUCT_NAME = "$(TARGET_NAME)";
				SWIFT_EMIT_LOC_STRINGS = NO;
				SWIFT_OPTIMIZATION_LEVEL = "-Onone";
				SWIFT_VERSION = 5.0;
				TARGETED_DEVICE_FAMILY = "1,2";
				TEST_HOST = "$(BUILT_PRODUCTS_DIR)/EssentialApp.app/$(BUNDLE_EXECUTABLE_FOLDER_PATH)/EssentialApp";
			};
			name = Debug;
		};
		F0AEB6F52AB1708C00A530D1 /* Release */ = {
			isa = XCBuildConfiguration;
			buildSettings = {
				BUNDLE_LOADER = "$(TEST_HOST)";
				CLANG_ENABLE_MODULES = YES;
				CODE_SIGN_STYLE = Automatic;
				CURRENT_PROJECT_VERSION = 1;
				DEVELOPMENT_TEAM = S8ULL6G9DZ;
				GENERATE_INFOPLIST_FILE = YES;
				MARKETING_VERSION = 1.0;
				PRODUCT_BUNDLE_IDENTIFIER = io.quantumitservices.myCircle.EssentialAppTests;
				PRODUCT_NAME = "$(TARGET_NAME)";
				SWIFT_EMIT_LOC_STRINGS = NO;
				SWIFT_VERSION = 5.0;
				TARGETED_DEVICE_FAMILY = "1,2";
				TEST_HOST = "$(BUILT_PRODUCTS_DIR)/EssentialApp.app/$(BUNDLE_EXECUTABLE_FOLDER_PATH)/EssentialApp";
			};
			name = Release;
		};
		F0C03F082AAB188E00751309 /* Debug */ = {
			isa = XCBuildConfiguration;
			buildSettings = {
				ALWAYS_SEARCH_USER_PATHS = NO;
				CLANG_ANALYZER_NONNULL = YES;
				CLANG_ANALYZER_NUMBER_OBJECT_CONVERSION = YES_AGGRESSIVE;
				CLANG_CXX_LANGUAGE_STANDARD = "gnu++20";
				CLANG_ENABLE_MODULES = YES;
				CLANG_ENABLE_OBJC_ARC = YES;
				CLANG_ENABLE_OBJC_WEAK = YES;
				CLANG_WARN_BLOCK_CAPTURE_AUTORELEASING = YES;
				CLANG_WARN_BOOL_CONVERSION = YES;
				CLANG_WARN_COMMA = YES;
				CLANG_WARN_CONSTANT_CONVERSION = YES;
				CLANG_WARN_DEPRECATED_OBJC_IMPLEMENTATIONS = YES;
				CLANG_WARN_DIRECT_OBJC_ISA_USAGE = YES_ERROR;
				CLANG_WARN_DOCUMENTATION_COMMENTS = YES;
				CLANG_WARN_EMPTY_BODY = YES;
				CLANG_WARN_ENUM_CONVERSION = YES;
				CLANG_WARN_INFINITE_RECURSION = YES;
				CLANG_WARN_INT_CONVERSION = YES;
				CLANG_WARN_NON_LITERAL_NULL_CONVERSION = YES;
				CLANG_WARN_OBJC_IMPLICIT_RETAIN_SELF = YES;
				CLANG_WARN_OBJC_LITERAL_CONVERSION = YES;
				CLANG_WARN_OBJC_ROOT_CLASS = YES_ERROR;
				CLANG_WARN_QUOTED_INCLUDE_IN_FRAMEWORK_HEADER = YES;
				CLANG_WARN_RANGE_LOOP_ANALYSIS = YES;
				CLANG_WARN_STRICT_PROTOTYPES = YES;
				CLANG_WARN_SUSPICIOUS_MOVE = YES;
				CLANG_WARN_UNGUARDED_AVAILABILITY = YES_AGGRESSIVE;
				CLANG_WARN_UNREACHABLE_CODE = YES;
				CLANG_WARN__DUPLICATE_METHOD_MATCH = YES;
				COPY_PHASE_STRIP = NO;
				DEBUG_INFORMATION_FORMAT = dwarf;
				ENABLE_STRICT_OBJC_MSGSEND = YES;
				ENABLE_TESTABILITY = YES;
				GCC_C_LANGUAGE_STANDARD = gnu11;
				GCC_DYNAMIC_NO_PIC = NO;
				GCC_NO_COMMON_BLOCKS = YES;
				GCC_OPTIMIZATION_LEVEL = 0;
				GCC_PREPROCESSOR_DEFINITIONS = (
					"DEBUG=1",
					"$(inherited)",
				);
				GCC_WARN_64_TO_32_BIT_CONVERSION = YES;
				GCC_WARN_ABOUT_RETURN_TYPE = YES_ERROR;
				GCC_WARN_UNDECLARED_SELECTOR = YES;
				GCC_WARN_UNINITIALIZED_AUTOS = YES_AGGRESSIVE;
				GCC_WARN_UNUSED_FUNCTION = YES;
				GCC_WARN_UNUSED_VARIABLE = YES;
				IPHONEOS_DEPLOYMENT_TARGET = 16.4;
				MTL_ENABLE_DEBUG_INFO = INCLUDE_SOURCE;
				MTL_FAST_MATH = YES;
				ONLY_ACTIVE_ARCH = YES;
				SDKROOT = iphoneos;
				SWIFT_ACTIVE_COMPILATION_CONDITIONS = DEBUG;
				SWIFT_OPTIMIZATION_LEVEL = "-Onone";
			};
			name = Debug;
		};
		F0C03F092AAB188E00751309 /* Release */ = {
			isa = XCBuildConfiguration;
			buildSettings = {
				ALWAYS_SEARCH_USER_PATHS = NO;
				CLANG_ANALYZER_NONNULL = YES;
				CLANG_ANALYZER_NUMBER_OBJECT_CONVERSION = YES_AGGRESSIVE;
				CLANG_CXX_LANGUAGE_STANDARD = "gnu++20";
				CLANG_ENABLE_MODULES = YES;
				CLANG_ENABLE_OBJC_ARC = YES;
				CLANG_ENABLE_OBJC_WEAK = YES;
				CLANG_WARN_BLOCK_CAPTURE_AUTORELEASING = YES;
				CLANG_WARN_BOOL_CONVERSION = YES;
				CLANG_WARN_COMMA = YES;
				CLANG_WARN_CONSTANT_CONVERSION = YES;
				CLANG_WARN_DEPRECATED_OBJC_IMPLEMENTATIONS = YES;
				CLANG_WARN_DIRECT_OBJC_ISA_USAGE = YES_ERROR;
				CLANG_WARN_DOCUMENTATION_COMMENTS = YES;
				CLANG_WARN_EMPTY_BODY = YES;
				CLANG_WARN_ENUM_CONVERSION = YES;
				CLANG_WARN_INFINITE_RECURSION = YES;
				CLANG_WARN_INT_CONVERSION = YES;
				CLANG_WARN_NON_LITERAL_NULL_CONVERSION = YES;
				CLANG_WARN_OBJC_IMPLICIT_RETAIN_SELF = YES;
				CLANG_WARN_OBJC_LITERAL_CONVERSION = YES;
				CLANG_WARN_OBJC_ROOT_CLASS = YES_ERROR;
				CLANG_WARN_QUOTED_INCLUDE_IN_FRAMEWORK_HEADER = YES;
				CLANG_WARN_RANGE_LOOP_ANALYSIS = YES;
				CLANG_WARN_STRICT_PROTOTYPES = YES;
				CLANG_WARN_SUSPICIOUS_MOVE = YES;
				CLANG_WARN_UNGUARDED_AVAILABILITY = YES_AGGRESSIVE;
				CLANG_WARN_UNREACHABLE_CODE = YES;
				CLANG_WARN__DUPLICATE_METHOD_MATCH = YES;
				COPY_PHASE_STRIP = NO;
				DEBUG_INFORMATION_FORMAT = "dwarf-with-dsym";
				ENABLE_NS_ASSERTIONS = NO;
				ENABLE_STRICT_OBJC_MSGSEND = YES;
				GCC_C_LANGUAGE_STANDARD = gnu11;
				GCC_NO_COMMON_BLOCKS = YES;
				GCC_WARN_64_TO_32_BIT_CONVERSION = YES;
				GCC_WARN_ABOUT_RETURN_TYPE = YES_ERROR;
				GCC_WARN_UNDECLARED_SELECTOR = YES;
				GCC_WARN_UNINITIALIZED_AUTOS = YES_AGGRESSIVE;
				GCC_WARN_UNUSED_FUNCTION = YES;
				GCC_WARN_UNUSED_VARIABLE = YES;
				IPHONEOS_DEPLOYMENT_TARGET = 16.4;
				MTL_ENABLE_DEBUG_INFO = NO;
				MTL_FAST_MATH = YES;
				SDKROOT = iphoneos;
				SWIFT_COMPILATION_MODE = wholemodule;
				SWIFT_OPTIMIZATION_LEVEL = "-O";
				VALIDATE_PRODUCT = YES;
			};
			name = Release;
		};
		F0C03F0B2AAB188E00751309 /* Debug */ = {
			isa = XCBuildConfiguration;
			buildSettings = {
				ASSETCATALOG_COMPILER_APPICON_NAME = AppIcon;
				ASSETCATALOG_COMPILER_GLOBAL_ACCENT_COLOR_NAME = AccentColor;
				CODE_SIGN_STYLE = Automatic;
				CURRENT_PROJECT_VERSION = 1;
				DEVELOPMENT_TEAM = S8ULL6G9DZ;
				GENERATE_INFOPLIST_FILE = YES;
				INFOPLIST_FILE = EssentialApp/Info.plist;
				INFOPLIST_KEY_UIApplicationSupportsIndirectInputEvents = YES;
				INFOPLIST_KEY_UILaunchStoryboardName = LaunchScreen;
				INFOPLIST_KEY_UIMainStoryboardFile = Main;
				INFOPLIST_KEY_UISupportedInterfaceOrientations = UIInterfaceOrientationPortrait;
				INFOPLIST_KEY_UISupportedInterfaceOrientations_iPad = "UIInterfaceOrientationLandscapeLeft UIInterfaceOrientationLandscapeRight UIInterfaceOrientationPortrait UIInterfaceOrientationPortraitUpsideDown";
				LD_RUNPATH_SEARCH_PATHS = (
					"$(inherited)",
					"@executable_path/Frameworks",
				);
				MARKETING_VERSION = 1.0;
				PRODUCT_BUNDLE_IDENTIFIER = io.quantumitservices.myCircle.EssentialApp;
				PRODUCT_NAME = "$(TARGET_NAME)";
				SWIFT_EMIT_LOC_STRINGS = YES;
				SWIFT_VERSION = 5.0;
				TARGETED_DEVICE_FAMILY = "1,2";
			};
			name = Debug;
		};
		F0C03F0C2AAB188E00751309 /* Release */ = {
			isa = XCBuildConfiguration;
			buildSettings = {
				ASSETCATALOG_COMPILER_APPICON_NAME = AppIcon;
				ASSETCATALOG_COMPILER_GLOBAL_ACCENT_COLOR_NAME = AccentColor;
				CODE_SIGN_STYLE = Automatic;
				CURRENT_PROJECT_VERSION = 1;
				DEVELOPMENT_TEAM = S8ULL6G9DZ;
				GENERATE_INFOPLIST_FILE = YES;
				INFOPLIST_FILE = EssentialApp/Info.plist;
				INFOPLIST_KEY_UIApplicationSupportsIndirectInputEvents = YES;
				INFOPLIST_KEY_UILaunchStoryboardName = LaunchScreen;
				INFOPLIST_KEY_UIMainStoryboardFile = Main;
				INFOPLIST_KEY_UISupportedInterfaceOrientations = UIInterfaceOrientationPortrait;
				INFOPLIST_KEY_UISupportedInterfaceOrientations_iPad = "UIInterfaceOrientationLandscapeLeft UIInterfaceOrientationLandscapeRight UIInterfaceOrientationPortrait UIInterfaceOrientationPortraitUpsideDown";
				LD_RUNPATH_SEARCH_PATHS = (
					"$(inherited)",
					"@executable_path/Frameworks",
				);
				MARKETING_VERSION = 1.0;
				PRODUCT_BUNDLE_IDENTIFIER = io.quantumitservices.myCircle.EssentialApp;
				PRODUCT_NAME = "$(TARGET_NAME)";
				SWIFT_EMIT_LOC_STRINGS = YES;
				SWIFT_VERSION = 5.0;
				TARGETED_DEVICE_FAMILY = "1,2";
			};
			name = Release;
		};
/* End XCBuildConfiguration section */

/* Begin XCConfigurationList section */
		F01B7B152AB4113D00CF5F0E /* Build configuration list for PBXNativeTarget "EssentialAppUIAcceptanceTests" */ = {
			isa = XCConfigurationList;
			buildConfigurations = (
				F01B7B132AB4113D00CF5F0E /* Debug */,
				F01B7B142AB4113D00CF5F0E /* Release */,
			);
			defaultConfigurationIsVisible = 0;
			defaultConfigurationName = Release;
		};
		F0AEB6F62AB1708C00A530D1 /* Build configuration list for PBXNativeTarget "EssentialAppTests" */ = {
			isa = XCConfigurationList;
			buildConfigurations = (
				F0AEB6F42AB1708C00A530D1 /* Debug */,
				F0AEB6F52AB1708C00A530D1 /* Release */,
			);
			defaultConfigurationIsVisible = 0;
			defaultConfigurationName = Release;
		};
		F0C03EF12AAB188C00751309 /* Build configuration list for PBXProject "EssentialApp" */ = {
			isa = XCConfigurationList;
			buildConfigurations = (
				F0C03F082AAB188E00751309 /* Debug */,
				F0C03F092AAB188E00751309 /* Release */,
			);
			defaultConfigurationIsVisible = 0;
			defaultConfigurationName = Release;
		};
		F0C03F0A2AAB188E00751309 /* Build configuration list for PBXNativeTarget "EssentialApp" */ = {
			isa = XCConfigurationList;
			buildConfigurations = (
				F0C03F0B2AAB188E00751309 /* Debug */,
				F0C03F0C2AAB188E00751309 /* Release */,
			);
			defaultConfigurationIsVisible = 0;
			defaultConfigurationName = Release;
		};
/* End XCConfigurationList section */
	};
	rootObject = F0C03EEE2AAB188C00751309 /* Project object */;
}
